// !$*UTF8*$!
{
	archiveVersion = 1;
	classes = {
	};
	objectVersion = 46;
	objects = {

/* Begin PBXBuildFile section */
		1D57064820196CCF005C39DB /* CommManager.swift in Sources */ = {isa = PBXBuildFile; fileRef = 1D57064720196CCF005C39DB /* CommManager.swift */; };
		1D57064A201A8B4E005C39DB /* Config.swift in Sources */ = {isa = PBXBuildFile; fileRef = 1D570649201A8B4E005C39DB /* Config.swift */; };
		1DCDA3A3203765DF002EDFE0 /* Location.gpx in Resources */ = {isa = PBXBuildFile; fileRef = 1DCDA3A2203765DF002EDFE0 /* Location.gpx */; };
		1DCFC767203BC3E100DFFFA4 /* arch_run.gpx in Resources */ = {isa = PBXBuildFile; fileRef = 1DCFC766203BC3E100DFFFA4 /* arch_run.gpx */; };
		5241B5621BA0980000DBC6D3 /* Zombies-Interactive.xcdatamodeld in Resources */ = {isa = PBXBuildFile; fileRef = 528C3A461B826734007C59FC /* Zombies-Interactive.xcdatamodeld */; };
		5241B5711BA0E87400DBC6D3 /* AudioToolbox.framework in Frameworks */ = {isa = PBXBuildFile; fileRef = 5241B5701BA0E87400DBC6D3 /* AudioToolbox.framework */; };
		5241B5731BA0E88100DBC6D3 /* AVFoundation.framework in Frameworks */ = {isa = PBXBuildFile; fileRef = 5241B5721BA0E88100DBC6D3 /* AVFoundation.framework */; };
		528C3A481B826734007C59FC /* Zombies-Interactive.xcdatamodeld in Sources */ = {isa = PBXBuildFile; fileRef = 528C3A461B826734007C59FC /* Zombies-Interactive.xcdatamodeld */; };
		528C3A4D1B826734007C59FC /* Main.storyboard in Resources */ = {isa = PBXBuildFile; fileRef = 528C3A4B1B826734007C59FC /* Main.storyboard */; };
		528C3A521B826734007C59FC /* LaunchScreen.xib in Resources */ = {isa = PBXBuildFile; fileRef = 528C3A501B826734007C59FC /* LaunchScreen.xib */; };
		528E89D11B9DEDCC00C5FC8E /* Accounts.framework in Frameworks */ = {isa = PBXBuildFile; fileRef = 528E89D01B9DEDCC00C5FC8E /* Accounts.framework */; };
		528E89D31B9DEDD500C5FC8E /* CFNetwork.framework in Frameworks */ = {isa = PBXBuildFile; fileRef = 528E89D21B9DEDD500C5FC8E /* CFNetwork.framework */; };
		528E89D51B9DEDDE00C5FC8E /* CoreGraphics.framework in Frameworks */ = {isa = PBXBuildFile; fileRef = 528E89D41B9DEDDE00C5FC8E /* CoreGraphics.framework */; };
		528E89D71B9DEDE700C5FC8E /* CoreLocation.framework in Frameworks */ = {isa = PBXBuildFile; fileRef = 528E89D61B9DEDE700C5FC8E /* CoreLocation.framework */; };
		528E89D91B9DEDEF00C5FC8E /* QuartzCore.framework in Frameworks */ = {isa = PBXBuildFile; fileRef = 528E89D81B9DEDEF00C5FC8E /* QuartzCore.framework */; };
		528E89DB1B9DEDF700C5FC8E /* Security.framework in Frameworks */ = {isa = PBXBuildFile; fileRef = 528E89DA1B9DEDF700C5FC8E /* Security.framework */; };
		528E89DF1B9DEE0700C5FC8E /* SystemConfiguration.framework in Frameworks */ = {isa = PBXBuildFile; fileRef = 528E89DE1B9DEE0700C5FC8E /* SystemConfiguration.framework */; };
		528E89E11B9DEE1100C5FC8E /* libz.dylib in Frameworks */ = {isa = PBXBuildFile; fileRef = 528E89E01B9DEE1100C5FC8E /* libz.dylib */; };
		528E89E31B9DEE1A00C5FC8E /* libsqlite3.dylib in Frameworks */ = {isa = PBXBuildFile; fileRef = 528E89E21B9DEE1A00C5FC8E /* libsqlite3.dylib */; };
		528E89E51B9DEE3400C5FC8E /* Social.framework in Frameworks */ = {isa = PBXBuildFile; fileRef = 528E89E41B9DEE3400C5FC8E /* Social.framework */; };
		BA1F2FDA1BBBB17C00E22B7F /* OpenEars.framework in Frameworks */ = {isa = PBXBuildFile; fileRef = BA1F2FD81BBBB17C00E22B7F /* OpenEars.framework */; };
		BA1F2FDB1BBBB17C00E22B7F /* Slt.framework in Frameworks */ = {isa = PBXBuildFile; fileRef = BA1F2FD91BBBB17C00E22B7F /* Slt.framework */; };
		BA1F2FE41BBBB25700E22B7F /* AcousticModelEnglish.bundle in Resources */ = {isa = PBXBuildFile; fileRef = BA1F2FE21BBBB25700E22B7F /* AcousticModelEnglish.bundle */; };
		BA1F2FE51BBBB25700E22B7F /* AcousticModelSpanish.bundle in Resources */ = {isa = PBXBuildFile; fileRef = BA1F2FE31BBBB25700E22B7F /* AcousticModelSpanish.bundle */; };
		BA2B43E11BBBAF23007C2483 /* AppDelegate.swift in Sources */ = {isa = PBXBuildFile; fileRef = BA2B43D91BBBAF23007C2483 /* AppDelegate.swift */; };
		BA2B43EA1BBBB042007C2483 /* Parse.framework in Frameworks */ = {isa = PBXBuildFile; fileRef = BA2B43E91BBBB042007C2483 /* Parse.framework */; };
		BA2B43EC1BBBB06D007C2483 /* Bolts.framework in Frameworks */ = {isa = PBXBuildFile; fileRef = BA2B43EB1BBBB06D007C2483 /* Bolts.framework */; };
		BA36A8951BBBA79100E197E2 /* Images.xcassets in Resources */ = {isa = PBXBuildFile; fileRef = BA36A8941BBBA79100E197E2 /* Images.xcassets */; };
		BA4A6B861C6E885B0064CF83 /* intel_missions_end.mp3 in Resources */ = {isa = PBXBuildFile; fileRef = BA4A6B6A1C6E885B0064CF83 /* intel_missions_end.mp3 */; };
		BA4A6B871C6E885B0064CF83 /* intel_team_intro.mp3 in Resources */ = {isa = PBXBuildFile; fileRef = BA4A6B6B1C6E885B0064CF83 /* intel_team_intro.mp3 */; };
		BA4A6B8A1C6E885B0064CF83 /* radio_static.mp3 in Resources */ = {isa = PBXBuildFile; fileRef = BA4A6B6F1C6E885B0064CF83 /* radio_static.mp3 */; };
		BA4A6B931C6E885B0064CF83 /* vignette_transition.mp3 in Resources */ = {isa = PBXBuildFile; fileRef = BA4A6B7C1C6E885B0064CF83 /* vignette_transition.mp3 */; };
		BA4F036C1BD95B2600792A6D /* Constants.swift in Sources */ = {isa = PBXBuildFile; fileRef = BA4F036B1BD95B2600792A6D /* Constants.swift */; };
		BA54FC241C71AAC600FFE4ED /* mission_completed.mp3 in Resources */ = {isa = PBXBuildFile; fileRef = BA54FC0A1C71AAC600FFE4ED /* mission_completed.mp3 */; };
		BA54FC341C71AAC600FFE4ED /* bleep-alert.m4a in Resources */ = {isa = PBXBuildFile; fileRef = BA54FC1F1C71AAC600FFE4ED /* bleep-alert.m4a */; };
		BA54FC351C71AAC600FFE4ED /* countdown-beep.mp3 in Resources */ = {isa = PBXBuildFile; fileRef = BA54FC201C71AAC600FFE4ED /* countdown-beep.mp3 */; };
		BA54FC361C71AAC600FFE4ED /* hardcore-lose.wav in Resources */ = {isa = PBXBuildFile; fileRef = BA54FC211C71AAC600FFE4ED /* hardcore-lose.wav */; };
		BA54FC371C71AAC600FFE4ED /* proximity-pip.wav in Resources */ = {isa = PBXBuildFile; fileRef = BA54FC221C71AAC600FFE4ED /* proximity-pip.wav */; };
		BA54FC381C71AAC600FFE4ED /* zombie-horde-loop.mp3 in Resources */ = {isa = PBXBuildFile; fileRef = BA54FC231C71AAC600FFE4ED /* zombie-horde-loop.mp3 */; };
		BA9890A31BDDB2D00037A615 /* silence.mp3 in Resources */ = {isa = PBXBuildFile; fileRef = BA9890A21BDDB2D00037A615 /* silence.mp3 */; };
		BAA8E2D21C8297EF00C66A69 /* IntroPageViewController.swift in Sources */ = {isa = PBXBuildFile; fileRef = BAA8E2D11C8297EF00C66A69 /* IntroPageViewController.swift */; };
		BAC7CC1C1BD41C1B0031E905 /* ActuationController.swift in Sources */ = {isa = PBXBuildFile; fileRef = BAC7CC181BD41C1B0031E905 /* ActuationController.swift */; };
		BAC7CC1D1BD41C1B0031E905 /* HomeViewController.swift in Sources */ = {isa = PBXBuildFile; fileRef = BAC7CC191BD41C1B0031E905 /* HomeViewController.swift */; };
		BAC7CC1E1BD41C1B0031E905 /* MissionViewController.swift in Sources */ = {isa = PBXBuildFile; fileRef = BAC7CC1A1BD41C1B0031E905 /* MissionViewController.swift */; };
		BAC7CC1F1BD41C1B0031E905 /* SignUpViewController.swift in Sources */ = {isa = PBXBuildFile; fileRef = BAC7CC1B1BD41C1B0031E905 /* SignUpViewController.swift */; };
		D76D02A21CFDA52B00A4792E /* Context.swift in Sources */ = {isa = PBXBuildFile; fileRef = D76D02731CFDA52B00A4792E /* Context.swift */; };
		D76D02A31CFDA52B00A4792E /* Interaction.swift in Sources */ = {isa = PBXBuildFile; fileRef = D76D02741CFDA52B00A4792E /* Interaction.swift */; };
		D76D02A41CFDA52B00A4792E /* DataManager.swift in Sources */ = {isa = PBXBuildFile; fileRef = D76D02761CFDA52B00A4792E /* DataManager.swift */; };
		D76D02A51CFDA52B00A4792E /* ExperienceManager.swift in Sources */ = {isa = PBXBuildFile; fileRef = D76D02771CFDA52B00A4792E /* ExperienceManager.swift */; };
		D76D02A61CFDA52B00A4792E /* OpportunityManager.swift in Sources */ = {isa = PBXBuildFile; fileRef = D76D02781CFDA52B00A4792E /* OpportunityManager.swift */; };
		D76D02A71CFDA52B00A4792E /* ScaffoldingManager.swift in Sources */ = {isa = PBXBuildFile; fileRef = D76D02791CFDA52B00A4792E /* ScaffoldingManager.swift */; };
		D76D02A81CFDA52B00A4792E /* CollectorWithSound.swift in Sources */ = {isa = PBXBuildFile; fileRef = D76D027B1CFDA52B00A4792E /* CollectorWithSound.swift */; };
		D76D02A91CFDA52B00A4792E /* ConditionalMoment.swift in Sources */ = {isa = PBXBuildFile; fileRef = D76D027C1CFDA52B00A4792E /* ConditionalMoment.swift */; };
		D76D02AA1CFDA52B00A4792E /* ContinuousMoment.swift in Sources */ = {isa = PBXBuildFile; fileRef = D76D027D1CFDA52B00A4792E /* ContinuousMoment.swift */; };
		D76D02AB1CFDA52B00A4792E /* FunctionMoment.swift in Sources */ = {isa = PBXBuildFile; fileRef = D76D027E1CFDA52B00A4792E /* FunctionMoment.swift */; };
		D76D02AC1CFDA52B00A4792E /* Interim.swift in Sources */ = {isa = PBXBuildFile; fileRef = D76D027F1CFDA52B00A4792E /* Interim.swift */; };
		D76D02AD1CFDA52B00A4792E /* KnockListener.swift in Sources */ = {isa = PBXBuildFile; fileRef = D76D02801CFDA52B00A4792E /* KnockListener.swift */; };
		D76D02AE1CFDA52B00A4792E /* Moment.swift in Sources */ = {isa = PBXBuildFile; fileRef = D76D02811CFDA52B00A4792E /* Moment.swift */; };
		D76D02AF1CFDA52B00A4792E /* OpportunityCheck.swift in Sources */ = {isa = PBXBuildFile; fileRef = D76D02821CFDA52B00A4792E /* OpportunityCheck.swift */; };
		D76D02B01CFDA52B00A4792E /* OpportunityPollerMoment.swift in Sources */ = {isa = PBXBuildFile; fileRef = D76D02831CFDA52B00A4792E /* OpportunityPollerMoment.swift */; };
		D76D02B11CFDA52B00A4792E /* SensorCollector.swift in Sources */ = {isa = PBXBuildFile; fileRef = D76D02841CFDA52B00A4792E /* SensorCollector.swift */; };
		D76D02B21CFDA52B00A4792E /* SilentMoment.swift in Sources */ = {isa = PBXBuildFile; fileRef = D76D02851CFDA52B00A4792E /* SilentMoment.swift */; };
		D76D02B31CFDA52B00A4792E /* Sound.swift in Sources */ = {isa = PBXBuildFile; fileRef = D76D02861CFDA52B00A4792E /* Sound.swift */; };
		D76D02B41CFDA52B00A4792E /* SpeechListener.swift in Sources */ = {isa = PBXBuildFile; fileRef = D76D02871CFDA52B00A4792E /* SpeechListener.swift */; };
		D76D02B51CFDA52B00A4792E /* SynthVoiceMoment.swift in Sources */ = {isa = PBXBuildFile; fileRef = D76D02881CFDA52B00A4792E /* SynthVoiceMoment.swift */; };
		D76D02B61CFDA52B00A4792E /* TriggerListener.swift in Sources */ = {isa = PBXBuildFile; fileRef = D76D02891CFDA52B00A4792E /* TriggerListener.swift */; };
		D76D02B71CFDA52B00A4792E /* TriggerListenerWithSound.swift in Sources */ = {isa = PBXBuildFile; fileRef = D76D028A1CFDA52B00A4792E /* TriggerListenerWithSound.swift */; };
		D76D02B81CFDA52B00A4792E /* WaitForDoubleKnock.swift in Sources */ = {isa = PBXBuildFile; fileRef = D76D028B1CFDA52B00A4792E /* WaitForDoubleKnock.swift */; };
		D76D02B91CFDA52B00A4792E /* WaitForWord.swift in Sources */ = {isa = PBXBuildFile; fileRef = D76D028C1CFDA52B00A4792E /* WaitForWord.swift */; };
		D76D02BA1CFDA52B00A4792E /* Experience.swift in Sources */ = {isa = PBXBuildFile; fileRef = D76D028E1CFDA52B00A4792E /* Experience.swift */; };
		D76D02BB1CFDA52B00A4792E /* LocationUpdate.swift in Sources */ = {isa = PBXBuildFile; fileRef = D76D028F1CFDA52B00A4792E /* LocationUpdate.swift */; };
		D76D02BC1CFDA52B00A4792E /* MotionActivityUpdate.swift in Sources */ = {isa = PBXBuildFile; fileRef = D76D02901CFDA52B00A4792E /* MotionActivityUpdate.swift */; };
		D76D02BD1CFDA52B00A4792E /* SensorMoment.swift in Sources */ = {isa = PBXBuildFile; fileRef = D76D02911CFDA52B00A4792E /* SensorMoment.swift */; };
		D76D02BE1CFDA52B00A4792E /* WorldObject.swift in Sources */ = {isa = PBXBuildFile; fileRef = D76D02921CFDA52B00A4792E /* WorldObject.swift */; };
		D76D02BF1CFDA52B00A4792E /* Requirement.swift in Sources */ = {isa = PBXBuildFile; fileRef = D76D02931CFDA52B00A4792E /* Requirement.swift */; };
		D76D02C01CFDA52B00A4792E /* Stage.swift in Sources */ = {isa = PBXBuildFile; fileRef = D76D02941CFDA52B00A4792E /* Stage.swift */; };
		D76D02C11CFDA52B00A4792E /* Extensions.swift in Sources */ = {isa = PBXBuildFile; fileRef = D76D02961CFDA52B00A4792E /* Extensions.swift */; };
		D76D02C21CFDA52B00A4792E /* Events.swift in Sources */ = {isa = PBXBuildFile; fileRef = D76D02981CFDA52B00A4792E /* Events.swift */; };
		D76D02C31CFDA52B00A4792E /* ARAudioRecognizer.m in Sources */ = {isa = PBXBuildFile; fileRef = D76D029C1CFDA52B00A4792E /* ARAudioRecognizer.m */; };
		D76D02C41CFDA52B00A4792E /* TSCoreMotionListener.m in Sources */ = {isa = PBXBuildFile; fileRef = D76D029F1CFDA52B00A4792E /* TSCoreMotionListener.m */; };
		D76D02C51CFDA52B00A4792E /* TSTapDetector.m in Sources */ = {isa = PBXBuildFile; fileRef = D76D02A11CFDA52B00A4792E /* TSTapDetector.m */; };
/* End PBXBuildFile section */

/* Begin PBXFileReference section */
		1D57064720196CCF005C39DB /* CommManager.swift */ = {isa = PBXFileReference; lastKnownFileType = sourcecode.swift; path = CommManager.swift; sourceTree = "<group>"; };
		1D570649201A8B4E005C39DB /* Config.swift */ = {isa = PBXFileReference; lastKnownFileType = sourcecode.swift; path = Config.swift; sourceTree = "<group>"; };
		1DCDA3A2203765DF002EDFE0 /* Location.gpx */ = {isa = PBXFileReference; fileEncoding = 4; lastKnownFileType = text; path = Location.gpx; sourceTree = SOURCE_ROOT; };
		1DCFC766203BC3E100DFFFA4 /* arch_run.gpx */ = {isa = PBXFileReference; fileEncoding = 4; lastKnownFileType = text.xml; path = arch_run.gpx; sourceTree = SOURCE_ROOT; };
		1DCFC768203BD7A500DFFFA4 /* arch_run2.gpx */ = {isa = PBXFileReference; lastKnownFileType = text.xml; path = arch_run2.gpx; sourceTree = "<group>"; };
		5241B5701BA0E87400DBC6D3 /* AudioToolbox.framework */ = {isa = PBXFileReference; lastKnownFileType = wrapper.framework; name = AudioToolbox.framework; path = System/Library/Frameworks/AudioToolbox.framework; sourceTree = SDKROOT; };
		5241B5721BA0E88100DBC6D3 /* AVFoundation.framework */ = {isa = PBXFileReference; lastKnownFileType = wrapper.framework; name = AVFoundation.framework; path = System/Library/Frameworks/AVFoundation.framework; sourceTree = SDKROOT; };
		528C3A3F1B826734007C59FC /* Zombies Interactive.app */ = {isa = PBXFileReference; explicitFileType = wrapper.application; includeInIndex = 0; path = "Zombies Interactive.app"; sourceTree = BUILT_PRODUCTS_DIR; };
		528C3A431B826734007C59FC /* Info.plist */ = {isa = PBXFileReference; lastKnownFileType = text.plist.xml; path = Info.plist; sourceTree = "<group>"; };
		528C3A471B826734007C59FC /* Zombies-Interactive.xcdatamodel */ = {isa = PBXFileReference; lastKnownFileType = wrapper.xcdatamodel; path = "Zombies-Interactive.xcdatamodel"; sourceTree = "<group>"; };
		528C3A4C1B826734007C59FC /* Base */ = {isa = PBXFileReference; lastKnownFileType = file.storyboard; name = Base; path = Base.lproj/Main.storyboard; sourceTree = "<group>"; };
		528C3A511B826734007C59FC /* Base */ = {isa = PBXFileReference; lastKnownFileType = file.xib; name = Base; path = Base.lproj/LaunchScreen.xib; sourceTree = "<group>"; };
		528E89D01B9DEDCC00C5FC8E /* Accounts.framework */ = {isa = PBXFileReference; lastKnownFileType = wrapper.framework; name = Accounts.framework; path = System/Library/Frameworks/Accounts.framework; sourceTree = SDKROOT; };
		528E89D21B9DEDD500C5FC8E /* CFNetwork.framework */ = {isa = PBXFileReference; lastKnownFileType = wrapper.framework; name = CFNetwork.framework; path = System/Library/Frameworks/CFNetwork.framework; sourceTree = SDKROOT; };
		528E89D41B9DEDDE00C5FC8E /* CoreGraphics.framework */ = {isa = PBXFileReference; lastKnownFileType = wrapper.framework; name = CoreGraphics.framework; path = System/Library/Frameworks/CoreGraphics.framework; sourceTree = SDKROOT; };
		528E89D61B9DEDE700C5FC8E /* CoreLocation.framework */ = {isa = PBXFileReference; lastKnownFileType = wrapper.framework; name = CoreLocation.framework; path = System/Library/Frameworks/CoreLocation.framework; sourceTree = SDKROOT; };
		528E89D81B9DEDEF00C5FC8E /* QuartzCore.framework */ = {isa = PBXFileReference; lastKnownFileType = wrapper.framework; name = QuartzCore.framework; path = System/Library/Frameworks/QuartzCore.framework; sourceTree = SDKROOT; };
		528E89DA1B9DEDF700C5FC8E /* Security.framework */ = {isa = PBXFileReference; lastKnownFileType = wrapper.framework; name = Security.framework; path = System/Library/Frameworks/Security.framework; sourceTree = SDKROOT; };
		528E89DE1B9DEE0700C5FC8E /* SystemConfiguration.framework */ = {isa = PBXFileReference; lastKnownFileType = wrapper.framework; name = SystemConfiguration.framework; path = System/Library/Frameworks/SystemConfiguration.framework; sourceTree = SDKROOT; };
		528E89E01B9DEE1100C5FC8E /* libz.dylib */ = {isa = PBXFileReference; lastKnownFileType = "compiled.mach-o.dylib"; name = libz.dylib; path = usr/lib/libz.dylib; sourceTree = SDKROOT; };
		528E89E21B9DEE1A00C5FC8E /* libsqlite3.dylib */ = {isa = PBXFileReference; lastKnownFileType = "compiled.mach-o.dylib"; name = libsqlite3.dylib; path = usr/lib/libsqlite3.dylib; sourceTree = SDKROOT; };
		528E89E41B9DEE3400C5FC8E /* Social.framework */ = {isa = PBXFileReference; lastKnownFileType = wrapper.framework; name = Social.framework; path = System/Library/Frameworks/Social.framework; sourceTree = SDKROOT; };
		BA1F2FD81BBBB17C00E22B7F /* OpenEars.framework */ = {isa = PBXFileReference; lastKnownFileType = wrapper.framework; name = OpenEars.framework; path = ExperienceKit/Frameworks/OpenEars.framework; sourceTree = "<group>"; };
		BA1F2FD91BBBB17C00E22B7F /* Slt.framework */ = {isa = PBXFileReference; lastKnownFileType = wrapper.framework; name = Slt.framework; path = ExperienceKit/Frameworks/Slt.framework; sourceTree = "<group>"; };
		BA1F2FE21BBBB25700E22B7F /* AcousticModelEnglish.bundle */ = {isa = PBXFileReference; lastKnownFileType = "wrapper.plug-in"; name = AcousticModelEnglish.bundle; path = ExperienceKit/Bundles/AcousticModelEnglish.bundle; sourceTree = SOURCE_ROOT; };
		BA1F2FE31BBBB25700E22B7F /* AcousticModelSpanish.bundle */ = {isa = PBXFileReference; lastKnownFileType = "wrapper.plug-in"; name = AcousticModelSpanish.bundle; path = ExperienceKit/Bundles/AcousticModelSpanish.bundle; sourceTree = SOURCE_ROOT; };
		BA1F2FE61BBBB26300E22B7F /* OpenEars.framework */ = {isa = PBXFileReference; lastKnownFileType = wrapper.framework; name = OpenEars.framework; path = ExperienceKit/Frameworks/OpenEars.framework; sourceTree = SOURCE_ROOT; };
		BA1F2FE71BBBB26300E22B7F /* Slt.framework */ = {isa = PBXFileReference; lastKnownFileType = wrapper.framework; name = Slt.framework; path = ExperienceKit/Frameworks/Slt.framework; sourceTree = SOURCE_ROOT; };
		BA2B43D91BBBAF23007C2483 /* AppDelegate.swift */ = {isa = PBXFileReference; fileEncoding = 4; lastKnownFileType = sourcecode.swift; path = AppDelegate.swift; sourceTree = "<group>"; };
		BA2B43E91BBBB042007C2483 /* Parse.framework */ = {isa = PBXFileReference; lastKnownFileType = wrapper.framework; name = Parse.framework; path = Frameworks/Parse.framework; sourceTree = "<group>"; };
		BA2B43EB1BBBB06D007C2483 /* Bolts.framework */ = {isa = PBXFileReference; lastKnownFileType = wrapper.framework; name = Bolts.framework; path = Frameworks/Bolts.framework; sourceTree = "<group>"; };
		BA36A8941BBBA79100E197E2 /* Images.xcassets */ = {isa = PBXFileReference; lastKnownFileType = folder.assetcatalog; name = Images.xcassets; path = "Zombies Interactive/Images.xcassets"; sourceTree = SOURCE_ROOT; };
		BA4A6B6A1C6E885B0064CF83 /* intel_missions_end.mp3 */ = {isa = PBXFileReference; lastKnownFileType = audio.mp3; path = intel_missions_end.mp3; sourceTree = "<group>"; };
		BA4A6B6B1C6E885B0064CF83 /* intel_team_intro.mp3 */ = {isa = PBXFileReference; lastKnownFileType = audio.mp3; path = intel_team_intro.mp3; sourceTree = "<group>"; };
		BA4A6B6F1C6E885B0064CF83 /* radio_static.mp3 */ = {isa = PBXFileReference; lastKnownFileType = audio.mp3; path = radio_static.mp3; sourceTree = "<group>"; };
		BA4A6B7C1C6E885B0064CF83 /* vignette_transition.mp3 */ = {isa = PBXFileReference; lastKnownFileType = audio.mp3; path = vignette_transition.mp3; sourceTree = "<group>"; };
		BA4F036B1BD95B2600792A6D /* Constants.swift */ = {isa = PBXFileReference; fileEncoding = 4; lastKnownFileType = sourcecode.swift; name = Constants.swift; path = classes/Constants.swift; sourceTree = "<group>"; };
		BA54FC0A1C71AAC600FFE4ED /* mission_completed.mp3 */ = {isa = PBXFileReference; lastKnownFileType = audio.mp3; path = mission_completed.mp3; sourceTree = "<group>"; };
		BA54FC1F1C71AAC600FFE4ED /* bleep-alert.m4a */ = {isa = PBXFileReference; lastKnownFileType = file; path = "bleep-alert.m4a"; sourceTree = "<group>"; };
		BA54FC201C71AAC600FFE4ED /* countdown-beep.mp3 */ = {isa = PBXFileReference; lastKnownFileType = audio.mp3; path = "countdown-beep.mp3"; sourceTree = "<group>"; };
		BA54FC211C71AAC600FFE4ED /* hardcore-lose.wav */ = {isa = PBXFileReference; lastKnownFileType = audio.wav; path = "hardcore-lose.wav"; sourceTree = "<group>"; };
		BA54FC221C71AAC600FFE4ED /* proximity-pip.wav */ = {isa = PBXFileReference; lastKnownFileType = audio.wav; path = "proximity-pip.wav"; sourceTree = "<group>"; };
		BA54FC231C71AAC600FFE4ED /* zombie-horde-loop.mp3 */ = {isa = PBXFileReference; lastKnownFileType = audio.mp3; path = "zombie-horde-loop.mp3"; sourceTree = "<group>"; };
		BA9890A21BDDB2D00037A615 /* silence.mp3 */ = {isa = PBXFileReference; lastKnownFileType = audio.mp3; path = silence.mp3; sourceTree = "<group>"; };
		BAA8E2D11C8297EF00C66A69 /* IntroPageViewController.swift */ = {isa = PBXFileReference; fileEncoding = 4; lastKnownFileType = sourcecode.swift; name = IntroPageViewController.swift; path = controllers/IntroPageViewController.swift; sourceTree = "<group>"; };
		BAC7CC181BD41C1B0031E905 /* ActuationController.swift */ = {isa = PBXFileReference; fileEncoding = 4; lastKnownFileType = sourcecode.swift; name = ActuationController.swift; path = controllers/ActuationController.swift; sourceTree = "<group>"; };
		BAC7CC191BD41C1B0031E905 /* HomeViewController.swift */ = {isa = PBXFileReference; fileEncoding = 4; lastKnownFileType = sourcecode.swift; name = HomeViewController.swift; path = controllers/HomeViewController.swift; sourceTree = "<group>"; };
		BAC7CC1A1BD41C1B0031E905 /* MissionViewController.swift */ = {isa = PBXFileReference; fileEncoding = 4; lastKnownFileType = sourcecode.swift; name = MissionViewController.swift; path = controllers/MissionViewController.swift; sourceTree = "<group>"; };
		BAC7CC1B1BD41C1B0031E905 /* SignUpViewController.swift */ = {isa = PBXFileReference; fileEncoding = 4; lastKnownFileType = sourcecode.swift; name = SignUpViewController.swift; path = controllers/SignUpViewController.swift; sourceTree = "<group>"; };
		D76D02731CFDA52B00A4792E /* Context.swift */ = {isa = PBXFileReference; fileEncoding = 4; lastKnownFileType = sourcecode.swift; path = Context.swift; sourceTree = "<group>"; };
		D76D02741CFDA52B00A4792E /* Interaction.swift */ = {isa = PBXFileReference; fileEncoding = 4; lastKnownFileType = sourcecode.swift; path = Interaction.swift; sourceTree = "<group>"; };
		D76D02761CFDA52B00A4792E /* DataManager.swift */ = {isa = PBXFileReference; fileEncoding = 4; lastKnownFileType = sourcecode.swift; path = DataManager.swift; sourceTree = "<group>"; };
		D76D02771CFDA52B00A4792E /* ExperienceManager.swift */ = {isa = PBXFileReference; fileEncoding = 4; lastKnownFileType = sourcecode.swift; path = ExperienceManager.swift; sourceTree = "<group>"; };
		D76D02781CFDA52B00A4792E /* OpportunityManager.swift */ = {isa = PBXFileReference; fileEncoding = 4; lastKnownFileType = sourcecode.swift; path = OpportunityManager.swift; sourceTree = "<group>"; };
		D76D02791CFDA52B00A4792E /* ScaffoldingManager.swift */ = {isa = PBXFileReference; fileEncoding = 4; lastKnownFileType = sourcecode.swift; path = ScaffoldingManager.swift; sourceTree = "<group>"; };
		D76D027B1CFDA52B00A4792E /* CollectorWithSound.swift */ = {isa = PBXFileReference; fileEncoding = 4; lastKnownFileType = sourcecode.swift; path = CollectorWithSound.swift; sourceTree = "<group>"; };
		D76D027C1CFDA52B00A4792E /* ConditionalMoment.swift */ = {isa = PBXFileReference; fileEncoding = 4; lastKnownFileType = sourcecode.swift; path = ConditionalMoment.swift; sourceTree = "<group>"; };
		D76D027D1CFDA52B00A4792E /* ContinuousMoment.swift */ = {isa = PBXFileReference; fileEncoding = 4; lastKnownFileType = sourcecode.swift; path = ContinuousMoment.swift; sourceTree = "<group>"; };
		D76D027E1CFDA52B00A4792E /* FunctionMoment.swift */ = {isa = PBXFileReference; fileEncoding = 4; lastKnownFileType = sourcecode.swift; path = FunctionMoment.swift; sourceTree = "<group>"; };
		D76D027F1CFDA52B00A4792E /* Interim.swift */ = {isa = PBXFileReference; fileEncoding = 4; lastKnownFileType = sourcecode.swift; path = Interim.swift; sourceTree = "<group>"; };
		D76D02801CFDA52B00A4792E /* KnockListener.swift */ = {isa = PBXFileReference; fileEncoding = 4; lastKnownFileType = sourcecode.swift; path = KnockListener.swift; sourceTree = "<group>"; };
		D76D02811CFDA52B00A4792E /* Moment.swift */ = {isa = PBXFileReference; fileEncoding = 4; lastKnownFileType = sourcecode.swift; path = Moment.swift; sourceTree = "<group>"; };
		D76D02821CFDA52B00A4792E /* OpportunityCheck.swift */ = {isa = PBXFileReference; fileEncoding = 4; lastKnownFileType = sourcecode.swift; path = OpportunityCheck.swift; sourceTree = "<group>"; };
		D76D02831CFDA52B00A4792E /* OpportunityPollerMoment.swift */ = {isa = PBXFileReference; fileEncoding = 4; lastKnownFileType = sourcecode.swift; path = OpportunityPollerMoment.swift; sourceTree = "<group>"; };
		D76D02841CFDA52B00A4792E /* SensorCollector.swift */ = {isa = PBXFileReference; fileEncoding = 4; lastKnownFileType = sourcecode.swift; path = SensorCollector.swift; sourceTree = "<group>"; };
		D76D02851CFDA52B00A4792E /* SilentMoment.swift */ = {isa = PBXFileReference; fileEncoding = 4; lastKnownFileType = sourcecode.swift; path = SilentMoment.swift; sourceTree = "<group>"; };
		D76D02861CFDA52B00A4792E /* Sound.swift */ = {isa = PBXFileReference; fileEncoding = 4; lastKnownFileType = sourcecode.swift; path = Sound.swift; sourceTree = "<group>"; };
		D76D02871CFDA52B00A4792E /* SpeechListener.swift */ = {isa = PBXFileReference; fileEncoding = 4; lastKnownFileType = sourcecode.swift; path = SpeechListener.swift; sourceTree = "<group>"; };
		D76D02881CFDA52B00A4792E /* SynthVoiceMoment.swift */ = {isa = PBXFileReference; fileEncoding = 4; lastKnownFileType = sourcecode.swift; path = SynthVoiceMoment.swift; sourceTree = "<group>"; };
		D76D02891CFDA52B00A4792E /* TriggerListener.swift */ = {isa = PBXFileReference; fileEncoding = 4; lastKnownFileType = sourcecode.swift; path = TriggerListener.swift; sourceTree = "<group>"; };
		D76D028A1CFDA52B00A4792E /* TriggerListenerWithSound.swift */ = {isa = PBXFileReference; fileEncoding = 4; lastKnownFileType = sourcecode.swift; path = TriggerListenerWithSound.swift; sourceTree = "<group>"; };
		D76D028B1CFDA52B00A4792E /* WaitForDoubleKnock.swift */ = {isa = PBXFileReference; fileEncoding = 4; lastKnownFileType = sourcecode.swift; path = WaitForDoubleKnock.swift; sourceTree = "<group>"; };
		D76D028C1CFDA52B00A4792E /* WaitForWord.swift */ = {isa = PBXFileReference; fileEncoding = 4; lastKnownFileType = sourcecode.swift; path = WaitForWord.swift; sourceTree = "<group>"; };
		D76D028E1CFDA52B00A4792E /* Experience.swift */ = {isa = PBXFileReference; fileEncoding = 4; lastKnownFileType = sourcecode.swift; path = Experience.swift; sourceTree = "<group>"; };
		D76D028F1CFDA52B00A4792E /* LocationUpdate.swift */ = {isa = PBXFileReference; fileEncoding = 4; lastKnownFileType = sourcecode.swift; path = LocationUpdate.swift; sourceTree = "<group>"; };
		D76D02901CFDA52B00A4792E /* MotionActivityUpdate.swift */ = {isa = PBXFileReference; fileEncoding = 4; lastKnownFileType = sourcecode.swift; path = MotionActivityUpdate.swift; sourceTree = "<group>"; };
		D76D02911CFDA52B00A4792E /* SensorMoment.swift */ = {isa = PBXFileReference; fileEncoding = 4; lastKnownFileType = sourcecode.swift; path = SensorMoment.swift; sourceTree = "<group>"; };
		D76D02921CFDA52B00A4792E /* WorldObject.swift */ = {isa = PBXFileReference; fileEncoding = 4; lastKnownFileType = sourcecode.swift; path = WorldObject.swift; sourceTree = "<group>"; };
		D76D02931CFDA52B00A4792E /* Requirement.swift */ = {isa = PBXFileReference; fileEncoding = 4; lastKnownFileType = sourcecode.swift; path = Requirement.swift; sourceTree = "<group>"; };
		D76D02941CFDA52B00A4792E /* Stage.swift */ = {isa = PBXFileReference; fileEncoding = 4; lastKnownFileType = sourcecode.swift; path = Stage.swift; sourceTree = "<group>"; };
		D76D02961CFDA52B00A4792E /* Extensions.swift */ = {isa = PBXFileReference; fileEncoding = 4; lastKnownFileType = sourcecode.swift; path = Extensions.swift; sourceTree = "<group>"; };
		D76D02981CFDA52B00A4792E /* Events.swift */ = {isa = PBXFileReference; fileEncoding = 4; lastKnownFileType = sourcecode.swift; path = Events.swift; sourceTree = "<group>"; };
		D76D029B1CFDA52B00A4792E /* ARAudioRecognizer.h */ = {isa = PBXFileReference; fileEncoding = 4; lastKnownFileType = sourcecode.c.h; path = ARAudioRecognizer.h; sourceTree = "<group>"; };
		D76D029C1CFDA52B00A4792E /* ARAudioRecognizer.m */ = {isa = PBXFileReference; fileEncoding = 4; lastKnownFileType = sourcecode.c.objc; path = ARAudioRecognizer.m; sourceTree = "<group>"; };
		D76D029D1CFDA52B00A4792E /* ARAudioRecognizerDelegate.h */ = {isa = PBXFileReference; fileEncoding = 4; lastKnownFileType = sourcecode.c.h; path = ARAudioRecognizerDelegate.h; sourceTree = "<group>"; };
		D76D029E1CFDA52B00A4792E /* TSCoreMotionListener.h */ = {isa = PBXFileReference; fileEncoding = 4; lastKnownFileType = sourcecode.c.h; path = TSCoreMotionListener.h; sourceTree = "<group>"; };
		D76D029F1CFDA52B00A4792E /* TSCoreMotionListener.m */ = {isa = PBXFileReference; fileEncoding = 4; lastKnownFileType = sourcecode.c.objc; path = TSCoreMotionListener.m; sourceTree = "<group>"; };
		D76D02A01CFDA52B00A4792E /* TSTapDetector.h */ = {isa = PBXFileReference; fileEncoding = 4; lastKnownFileType = sourcecode.c.h; path = TSTapDetector.h; sourceTree = "<group>"; };
		D76D02A11CFDA52B00A4792E /* TSTapDetector.m */ = {isa = PBXFileReference; fileEncoding = 4; lastKnownFileType = sourcecode.c.objc; path = TSTapDetector.m; sourceTree = "<group>"; };
/* End PBXFileReference section */

/* Begin PBXFrameworksBuildPhase section */
		528C3A3C1B826734007C59FC /* Frameworks */ = {
			isa = PBXFrameworksBuildPhase;
			buildActionMask = 2147483647;
			files = (
				BA1F2FDA1BBBB17C00E22B7F /* OpenEars.framework in Frameworks */,
				BA1F2FDB1BBBB17C00E22B7F /* Slt.framework in Frameworks */,
				BA2B43EC1BBBB06D007C2483 /* Bolts.framework in Frameworks */,
				BA2B43EA1BBBB042007C2483 /* Parse.framework in Frameworks */,
				5241B5731BA0E88100DBC6D3 /* AVFoundation.framework in Frameworks */,
				5241B5711BA0E87400DBC6D3 /* AudioToolbox.framework in Frameworks */,
				528E89E51B9DEE3400C5FC8E /* Social.framework in Frameworks */,
				528E89D11B9DEDCC00C5FC8E /* Accounts.framework in Frameworks */,
				528E89E31B9DEE1A00C5FC8E /* libsqlite3.dylib in Frameworks */,
				528E89E11B9DEE1100C5FC8E /* libz.dylib in Frameworks */,
				528E89DF1B9DEE0700C5FC8E /* SystemConfiguration.framework in Frameworks */,
				528E89DB1B9DEDF700C5FC8E /* Security.framework in Frameworks */,
				528E89D91B9DEDEF00C5FC8E /* QuartzCore.framework in Frameworks */,
				528E89D71B9DEDE700C5FC8E /* CoreLocation.framework in Frameworks */,
				528E89D51B9DEDDE00C5FC8E /* CoreGraphics.framework in Frameworks */,
				528E89D31B9DEDD500C5FC8E /* CFNetwork.framework in Frameworks */,
			);
			runOnlyForDeploymentPostprocessing = 0;
		};
/* End PBXFrameworksBuildPhase section */

/* Begin PBXGroup section */
		5241B5741BA1C8F400DBC6D3 /* ExperienceKit */ = {
			isa = PBXGroup;
			children = (
				BA1F2FE01BBBB23F00E22B7F /* Bundles */,
				BA1F2FE11BBBB24C00E22B7F /* Frameworks */,
			);
			name = ExperienceKit;
			path = Framework;
			sourceTree = "<group>";
		};
		528C3A361B826734007C59FC = {
			isa = PBXGroup;
			children = (
				528C3A411B826734007C59FC /* Zombies Interactive */,
				5241B5741BA1C8F400DBC6D3 /* ExperienceKit */,
				BA2B43E81BBBAFA5007C2483 /* Frameworks */,
				528C3A401B826734007C59FC /* Products */,
				528E89E01B9DEE1100C5FC8E /* libz.dylib */,
				528E89E21B9DEE1A00C5FC8E /* libsqlite3.dylib */,
			);
			sourceTree = "<group>";
		};
		528C3A401B826734007C59FC /* Products */ = {
			isa = PBXGroup;
			children = (
				528C3A3F1B826734007C59FC /* Zombies Interactive.app */,
			);
			name = Products;
			sourceTree = "<group>";
		};
		528C3A411B826734007C59FC /* Zombies Interactive */ = {
			isa = PBXGroup;
			children = (
				1DCDA3A2203765DF002EDFE0 /* Location.gpx */,
				1DCFC766203BC3E100DFFFA4 /* arch_run.gpx */,
				1DCFC768203BD7A500DFFFA4 /* arch_run2.gpx */,
				BA4F036B1BD95B2600792A6D /* Constants.swift */,
				1D570649201A8B4E005C39DB /* Config.swift */,
				BA2B43D71BBBAF23007C2483 /* Classes */,
				BA2B43C61BBBAEF8007C2483 /* Audio */,
				BA36A8941BBBA79100E197E2 /* Images.xcassets */,
				528C3A4B1B826734007C59FC /* Main.storyboard */,
				528C3A501B826734007C59FC /* LaunchScreen.xib */,
				528C3A461B826734007C59FC /* Zombies-Interactive.xcdatamodeld */,
				528C3A421B826734007C59FC /* Supporting Files */,
			);
			path = "Zombies Interactive";
			sourceTree = "<group>";
		};
		528C3A421B826734007C59FC /* Supporting Files */ = {
			isa = PBXGroup;
			children = (
				528C3A431B826734007C59FC /* Info.plist */,
			);
			name = "Supporting Files";
			sourceTree = "<group>";
		};
		BA1F2FE01BBBB23F00E22B7F /* Bundles */ = {
			isa = PBXGroup;
			children = (
				BA1F2FE21BBBB25700E22B7F /* AcousticModelEnglish.bundle */,
				BA1F2FE31BBBB25700E22B7F /* AcousticModelSpanish.bundle */,
			);
			name = Bundles;
			sourceTree = "<group>";
		};
		BA1F2FE11BBBB24C00E22B7F /* Frameworks */ = {
			isa = PBXGroup;
			children = (
				BA1F2FE61BBBB26300E22B7F /* OpenEars.framework */,
				BA1F2FE71BBBB26300E22B7F /* Slt.framework */,
			);
			name = Frameworks;
			sourceTree = "<group>";
		};
		BA2B43C61BBBAEF8007C2483 /* Audio */ = {
			isa = PBXGroup;
			children = (
				BA4A6B5C1C6E885B0064CF83 /* interactions */,
				BA9890A21BDDB2D00037A615 /* silence.mp3 */,
				BA32A8051BCB3DB700316136 /* Zombies, Run! */,
			);
			name = Audio;
			path = audio;
			sourceTree = "<group>";
		};
		BA2B43D71BBBAF23007C2483 /* Classes */ = {
			isa = PBXGroup;
			children = (
				BAF68CC51BBF340200145698 /* Controllers */,
				BA2B43D91BBBAF23007C2483 /* AppDelegate.swift */,
			);
			name = Classes;
			path = classes;
			sourceTree = "<group>";
		};
		BA2B43E81BBBAFA5007C2483 /* Frameworks */ = {
			isa = PBXGroup;
			children = (
				BA1F2FD81BBBB17C00E22B7F /* OpenEars.framework */,
				BA1F2FD91BBBB17C00E22B7F /* Slt.framework */,
				BA2B43EB1BBBB06D007C2483 /* Bolts.framework */,
				BA2B43E91BBBB042007C2483 /* Parse.framework */,
				5241B5721BA0E88100DBC6D3 /* AVFoundation.framework */,
				5241B5701BA0E87400DBC6D3 /* AudioToolbox.framework */,
				528E89E41B9DEE3400C5FC8E /* Social.framework */,
				528E89DE1B9DEE0700C5FC8E /* SystemConfiguration.framework */,
				528E89DA1B9DEDF700C5FC8E /* Security.framework */,
				528E89D81B9DEDEF00C5FC8E /* QuartzCore.framework */,
				528E89D61B9DEDE700C5FC8E /* CoreLocation.framework */,
				528E89D41B9DEDDE00C5FC8E /* CoreGraphics.framework */,
				528E89D21B9DEDD500C5FC8E /* CFNetwork.framework */,
				528E89D01B9DEDCC00C5FC8E /* Accounts.framework */,
			);
			name = Frameworks;
			sourceTree = "<group>";
		};
		BA32A8051BCB3DB700316136 /* Zombies, Run! */ = {
			isa = PBXGroup;
			children = (
				BA54FC091C71AAC600FFE4ED /* Missions */,
				BA54FC1E1C71AAC600FFE4ED /* sfx */,
			);
			path = "Zombies, Run!";
			sourceTree = "<group>";
		};
		BA4A6B5C1C6E885B0064CF83 /* interactions */ = {
			isa = PBXGroup;
			children = (
				BA4A6B6A1C6E885B0064CF83 /* intel_missions_end.mp3 */,
				BA4A6B6B1C6E885B0064CF83 /* intel_team_intro.mp3 */,
				BA4A6B6F1C6E885B0064CF83 /* radio_static.mp3 */,
				BA4A6B7C1C6E885B0064CF83 /* vignette_transition.mp3 */,
			);
			path = interactions;
			sourceTree = "<group>";
		};
		BA54FC091C71AAC600FFE4ED /* Missions */ = {
			isa = PBXGroup;
			children = (
				BA54FC0A1C71AAC600FFE4ED /* mission_completed.mp3 */,
			);
			path = Missions;
			sourceTree = "<group>";
		};
		BA54FC1E1C71AAC600FFE4ED /* sfx */ = {
			isa = PBXGroup;
			children = (
				BA54FC1F1C71AAC600FFE4ED /* bleep-alert.m4a */,
				BA54FC201C71AAC600FFE4ED /* countdown-beep.mp3 */,
				BA54FC211C71AAC600FFE4ED /* hardcore-lose.wav */,
				BA54FC221C71AAC600FFE4ED /* proximity-pip.wav */,
				BA54FC231C71AAC600FFE4ED /* zombie-horde-loop.mp3 */,
			);
			path = sfx;
			sourceTree = "<group>";
		};
		BAF68CC51BBF340200145698 /* Controllers */ = {
			isa = PBXGroup;
			children = (
				BAA8E2D11C8297EF00C66A69 /* IntroPageViewController.swift */,
				BAC7CC181BD41C1B0031E905 /* ActuationController.swift */,
				BAC7CC191BD41C1B0031E905 /* HomeViewController.swift */,
				BAC7CC1A1BD41C1B0031E905 /* MissionViewController.swift */,
				BAC7CC1B1BD41C1B0031E905 /* SignUpViewController.swift */,
				D76D02721CFDA52B00A4792E /* ExperienceKit */,
			);
			name = Controllers;
			sourceTree = "<group>";
		};
		D76D02721CFDA52B00A4792E /* ExperienceKit */ = {
			isa = PBXGroup;
			children = (
				D76D02731CFDA52B00A4792E /* Context.swift */,
				D76D02741CFDA52B00A4792E /* Interaction.swift */,
				D76D02751CFDA52B00A4792E /* managers */,
				D76D027A1CFDA52B00A4792E /* moments */,
				D76D028D1CFDA52B00A4792E /* Parse */,
				D76D02931CFDA52B00A4792E /* Requirement.swift */,
				D76D02941CFDA52B00A4792E /* Stage.swift */,
				D76D02951CFDA52B00A4792E /* utilities */,
			);
			path = ExperienceKit;
			sourceTree = "<group>";
		};
		D76D02751CFDA52B00A4792E /* managers */ = {
			isa = PBXGroup;
			children = (
				D76D02761CFDA52B00A4792E /* DataManager.swift */,
				1D57064720196CCF005C39DB /* CommManager.swift */,
				D76D02771CFDA52B00A4792E /* ExperienceManager.swift */,
				D76D02781CFDA52B00A4792E /* OpportunityManager.swift */,
				D76D02791CFDA52B00A4792E /* ScaffoldingManager.swift */,
			);
			path = managers;
			sourceTree = "<group>";
		};
		D76D027A1CFDA52B00A4792E /* moments */ = {
			isa = PBXGroup;
			children = (
				D76D027B1CFDA52B00A4792E /* CollectorWithSound.swift */,
				D76D027C1CFDA52B00A4792E /* ConditionalMoment.swift */,
				D76D027D1CFDA52B00A4792E /* ContinuousMoment.swift */,
				D76D027E1CFDA52B00A4792E /* FunctionMoment.swift */,
				D76D027F1CFDA52B00A4792E /* Interim.swift */,
				D76D02801CFDA52B00A4792E /* KnockListener.swift */,
				D76D02811CFDA52B00A4792E /* Moment.swift */,
				D76D02821CFDA52B00A4792E /* OpportunityCheck.swift */,
				D76D02831CFDA52B00A4792E /* OpportunityPollerMoment.swift */,
				D76D02841CFDA52B00A4792E /* SensorCollector.swift */,
				D76D02851CFDA52B00A4792E /* SilentMoment.swift */,
				D76D02861CFDA52B00A4792E /* Sound.swift */,
				D76D02871CFDA52B00A4792E /* SpeechListener.swift */,
				D76D02881CFDA52B00A4792E /* SynthVoiceMoment.swift */,
				D76D02891CFDA52B00A4792E /* TriggerListener.swift */,
				D76D028A1CFDA52B00A4792E /* TriggerListenerWithSound.swift */,
				D76D028B1CFDA52B00A4792E /* WaitForDoubleKnock.swift */,
				D76D028C1CFDA52B00A4792E /* WaitForWord.swift */,
			);
			path = moments;
			sourceTree = "<group>";
		};
		D76D028D1CFDA52B00A4792E /* Parse */ = {
			isa = PBXGroup;
			children = (
				D76D028E1CFDA52B00A4792E /* Experience.swift */,
				D76D028F1CFDA52B00A4792E /* LocationUpdate.swift */,
				D76D02901CFDA52B00A4792E /* MotionActivityUpdate.swift */,
				D76D02911CFDA52B00A4792E /* SensorMoment.swift */,
				D76D02921CFDA52B00A4792E /* WorldObject.swift */,
			);
			path = Parse;
			sourceTree = "<group>";
		};
		D76D02951CFDA52B00A4792E /* utilities */ = {
			isa = PBXGroup;
			children = (
				D76D02961CFDA52B00A4792E /* Extensions.swift */,
				D76D02971CFDA52B00A4792E /* third_party */,
			);
			path = utilities;
			sourceTree = "<group>";
		};
		D76D02971CFDA52B00A4792E /* third_party */ = {
			isa = PBXGroup;
			children = (
				D76D02981CFDA52B00A4792E /* Events.swift */,
				D76D02991CFDA52B00A4792E /* TapShare */,
			);
			path = third_party;
			sourceTree = "<group>";
		};
		D76D02991CFDA52B00A4792E /* TapShare */ = {
			isa = PBXGroup;
			children = (
				D76D029A1CFDA52B00A4792E /* ARAudioRecognizer */,
				D76D029E1CFDA52B00A4792E /* TSCoreMotionListener.h */,
				D76D029F1CFDA52B00A4792E /* TSCoreMotionListener.m */,
				D76D02A01CFDA52B00A4792E /* TSTapDetector.h */,
				D76D02A11CFDA52B00A4792E /* TSTapDetector.m */,
			);
			path = TapShare;
			sourceTree = "<group>";
		};
		D76D029A1CFDA52B00A4792E /* ARAudioRecognizer */ = {
			isa = PBXGroup;
			children = (
				D76D029B1CFDA52B00A4792E /* ARAudioRecognizer.h */,
				D76D029C1CFDA52B00A4792E /* ARAudioRecognizer.m */,
				D76D029D1CFDA52B00A4792E /* ARAudioRecognizerDelegate.h */,
			);
			path = ARAudioRecognizer;
			sourceTree = "<group>";
		};
/* End PBXGroup section */

/* Begin PBXNativeTarget section */
		528C3A3E1B826734007C59FC /* Zombies Interactive */ = {
			isa = PBXNativeTarget;
			buildConfigurationList = 528C3A611B826734007C59FC /* Build configuration list for PBXNativeTarget "Zombies Interactive" */;
			buildPhases = (
				528C3A3B1B826734007C59FC /* Sources */,
				528C3A3C1B826734007C59FC /* Frameworks */,
				528C3A3D1B826734007C59FC /* Resources */,
			);
			buildRules = (
			);
			dependencies = (
			);
			name = "Zombies Interactive";
			productName = ZombieRunX;
			productReference = 528C3A3F1B826734007C59FC /* Zombies Interactive.app */;
			productType = "com.apple.product-type.application";
		};
/* End PBXNativeTarget section */

/* Begin PBXProject section */
		528C3A371B826734007C59FC /* Project object */ = {
			isa = PBXProject;
			attributes = {
				LastSwiftMigration = 0700;
				LastSwiftUpdateCheck = 0700;
				LastUpgradeCheck = 0920;
				ORGANIZATIONNAME = "Scott Cambo, Henry Spindell, & Delta Lab NU";
				TargetAttributes = {
					528C3A3E1B826734007C59FC = {
						CreatedOnToolsVersion = 6.4;
						DevelopmentTeam = W4E2C6X642;
						LastSwiftMigration = 0820;
						ProvisioningStyle = Manual;
						SystemCapabilities = {
							com.apple.BackgroundModes = {
								enabled = 1;
							};
							com.apple.InAppPurchase = {
								enabled = 0;
							};
						};
					};
				};
			};
			buildConfigurationList = 528C3A3A1B826734007C59FC /* Build configuration list for PBXProject "Zombies Interactive" */;
			compatibilityVersion = "Xcode 3.2";
			developmentRegion = English;
			hasScannedForEncodings = 0;
			knownRegions = (
				en,
				Base,
			);
			mainGroup = 528C3A361B826734007C59FC;
			productRefGroup = 528C3A401B826734007C59FC /* Products */;
			projectDirPath = "";
			projectRoot = "";
			targets = (
				528C3A3E1B826734007C59FC /* Zombies Interactive */,
			);
		};
/* End PBXProject section */

/* Begin PBXResourcesBuildPhase section */
		528C3A3D1B826734007C59FC /* Resources */ = {
			isa = PBXResourcesBuildPhase;
			buildActionMask = 2147483647;
			files = (
				BA1F2FE41BBBB25700E22B7F /* AcousticModelEnglish.bundle in Resources */,
				1DCDA3A3203765DF002EDFE0 /* Location.gpx in Resources */,
				BA1F2FE51BBBB25700E22B7F /* AcousticModelSpanish.bundle in Resources */,
				BA54FC371C71AAC600FFE4ED /* proximity-pip.wav in Resources */,
				5241B5621BA0980000DBC6D3 /* Zombies-Interactive.xcdatamodeld in Resources */,
				528C3A4D1B826734007C59FC /* Main.storyboard in Resources */,
				BA9890A31BDDB2D00037A615 /* silence.mp3 in Resources */,
				BA54FC241C71AAC600FFE4ED /* mission_completed.mp3 in Resources */,
				BA4A6B8A1C6E885B0064CF83 /* radio_static.mp3 in Resources */,
				BA54FC341C71AAC600FFE4ED /* bleep-alert.m4a in Resources */,
				BA54FC381C71AAC600FFE4ED /* zombie-horde-loop.mp3 in Resources */,
				BA54FC351C71AAC600FFE4ED /* countdown-beep.mp3 in Resources */,
				528C3A521B826734007C59FC /* LaunchScreen.xib in Resources */,
				BA54FC361C71AAC600FFE4ED /* hardcore-lose.wav in Resources */,
				BA4A6B861C6E885B0064CF83 /* intel_missions_end.mp3 in Resources */,
				BA36A8951BBBA79100E197E2 /* Images.xcassets in Resources */,
				BA4A6B931C6E885B0064CF83 /* vignette_transition.mp3 in Resources */,
				1DCFC767203BC3E100DFFFA4 /* arch_run.gpx in Resources */,
				BA4A6B871C6E885B0064CF83 /* intel_team_intro.mp3 in Resources */,
			);
			runOnlyForDeploymentPostprocessing = 0;
		};
/* End PBXResourcesBuildPhase section */

/* Begin PBXSourcesBuildPhase section */
		528C3A3B1B826734007C59FC /* Sources */ = {
			isa = PBXSourcesBuildPhase;
			buildActionMask = 2147483647;
			files = (
				D76D02B71CFDA52B00A4792E /* TriggerListenerWithSound.swift in Sources */,
				BA4F036C1BD95B2600792A6D /* Constants.swift in Sources */,
				D76D02AC1CFDA52B00A4792E /* Interim.swift in Sources */,
				D76D02AE1CFDA52B00A4792E /* Moment.swift in Sources */,
				D76D02B91CFDA52B00A4792E /* WaitForWord.swift in Sources */,
				BA2B43E11BBBAF23007C2483 /* AppDelegate.swift in Sources */,
				D76D02B61CFDA52B00A4792E /* TriggerListener.swift in Sources */,
				BAA8E2D21C8297EF00C66A69 /* IntroPageViewController.swift in Sources */,
				BAC7CC1D1BD41C1B0031E905 /* HomeViewController.swift in Sources */,
				D76D02C31CFDA52B00A4792E /* ARAudioRecognizer.m in Sources */,
				D76D02BB1CFDA52B00A4792E /* LocationUpdate.swift in Sources */,
				D76D02C41CFDA52B00A4792E /* TSCoreMotionListener.m in Sources */,
				528C3A481B826734007C59FC /* Zombies-Interactive.xcdatamodeld in Sources */,
				D76D02A51CFDA52B00A4792E /* ExperienceManager.swift in Sources */,
				D76D02C01CFDA52B00A4792E /* Stage.swift in Sources */,
				D76D02B01CFDA52B00A4792E /* OpportunityPollerMoment.swift in Sources */,
				D76D02BA1CFDA52B00A4792E /* Experience.swift in Sources */,
				D76D02A91CFDA52B00A4792E /* ConditionalMoment.swift in Sources */,
				D76D02A61CFDA52B00A4792E /* OpportunityManager.swift in Sources */,
				D76D02AF1CFDA52B00A4792E /* OpportunityCheck.swift in Sources */,
				D76D02C51CFDA52B00A4792E /* TSTapDetector.m in Sources */,
				D76D02A81CFDA52B00A4792E /* CollectorWithSound.swift in Sources */,
				D76D02B31CFDA52B00A4792E /* Sound.swift in Sources */,
				D76D02B41CFDA52B00A4792E /* SpeechListener.swift in Sources */,
				D76D02AB1CFDA52B00A4792E /* FunctionMoment.swift in Sources */,
				D76D02BC1CFDA52B00A4792E /* MotionActivityUpdate.swift in Sources */,
				D76D02B81CFDA52B00A4792E /* WaitForDoubleKnock.swift in Sources */,
				D76D02B21CFDA52B00A4792E /* SilentMoment.swift in Sources */,
				1D57064820196CCF005C39DB /* CommManager.swift in Sources */,
				BAC7CC1C1BD41C1B0031E905 /* ActuationController.swift in Sources */,
				D76D02AA1CFDA52B00A4792E /* ContinuousMoment.swift in Sources */,
				D76D02A31CFDA52B00A4792E /* Interaction.swift in Sources */,
				D76D02BD1CFDA52B00A4792E /* SensorMoment.swift in Sources */,
				D76D02B11CFDA52B00A4792E /* SensorCollector.swift in Sources */,
				D76D02BE1CFDA52B00A4792E /* WorldObject.swift in Sources */,
				D76D02B51CFDA52B00A4792E /* SynthVoiceMoment.swift in Sources */,
				D76D02BF1CFDA52B00A4792E /* Requirement.swift in Sources */,
				D76D02AD1CFDA52B00A4792E /* KnockListener.swift in Sources */,
				D76D02A21CFDA52B00A4792E /* Context.swift in Sources */,
				D76D02C11CFDA52B00A4792E /* Extensions.swift in Sources */,
				D76D02A71CFDA52B00A4792E /* ScaffoldingManager.swift in Sources */,
				1D57064A201A8B4E005C39DB /* Config.swift in Sources */,
				D76D02C21CFDA52B00A4792E /* Events.swift in Sources */,
				D76D02A41CFDA52B00A4792E /* DataManager.swift in Sources */,
				BAC7CC1E1BD41C1B0031E905 /* MissionViewController.swift in Sources */,
				BAC7CC1F1BD41C1B0031E905 /* SignUpViewController.swift in Sources */,
			);
			runOnlyForDeploymentPostprocessing = 0;
		};
/* End PBXSourcesBuildPhase section */

/* Begin PBXVariantGroup section */
		528C3A4B1B826734007C59FC /* Main.storyboard */ = {
			isa = PBXVariantGroup;
			children = (
				528C3A4C1B826734007C59FC /* Base */,
			);
			name = Main.storyboard;
			sourceTree = "<group>";
		};
		528C3A501B826734007C59FC /* LaunchScreen.xib */ = {
			isa = PBXVariantGroup;
			children = (
				528C3A511B826734007C59FC /* Base */,
			);
			name = LaunchScreen.xib;
			sourceTree = "<group>";
		};
/* End PBXVariantGroup section */

/* Begin XCBuildConfiguration section */
		528C3A5F1B826734007C59FC /* Debug */ = {
			isa = XCBuildConfiguration;
			buildSettings = {
				ALWAYS_SEARCH_USER_PATHS = NO;
				CLANG_CXX_LANGUAGE_STANDARD = "gnu++0x";
				CLANG_CXX_LIBRARY = "libc++";
				CLANG_ENABLE_MODULES = YES;
				CLANG_ENABLE_OBJC_ARC = YES;
				CLANG_WARN_BLOCK_CAPTURE_AUTORELEASING = YES;
				CLANG_WARN_BOOL_CONVERSION = YES;
				CLANG_WARN_COMMA = YES;
				CLANG_WARN_CONSTANT_CONVERSION = YES;
				CLANG_WARN_DIRECT_OBJC_ISA_USAGE = YES_ERROR;
				CLANG_WARN_EMPTY_BODY = YES;
				CLANG_WARN_ENUM_CONVERSION = YES;
				CLANG_WARN_INFINITE_RECURSION = YES;
				CLANG_WARN_INT_CONVERSION = YES;
				CLANG_WARN_NON_LITERAL_NULL_CONVERSION = YES;
				CLANG_WARN_OBJC_LITERAL_CONVERSION = YES;
				CLANG_WARN_OBJC_ROOT_CLASS = YES_ERROR;
				CLANG_WARN_RANGE_LOOP_ANALYSIS = YES;
				CLANG_WARN_STRICT_PROTOTYPES = YES;
				CLANG_WARN_SUSPICIOUS_MOVE = YES;
				CLANG_WARN_UNREACHABLE_CODE = YES;
				CLANG_WARN__DUPLICATE_METHOD_MATCH = YES;
				CODE_SIGN_IDENTITY = "iPhone Developer";
				"CODE_SIGN_IDENTITY[sdk=iphoneos*]" = "iPhone Developer";
				COPY_PHASE_STRIP = NO;
				DEBUG_INFORMATION_FORMAT = "dwarf-with-dsym";
				ENABLE_BITCODE = NO;
				ENABLE_STRICT_OBJC_MSGSEND = YES;
				ENABLE_TESTABILITY = YES;
				GCC_C_LANGUAGE_STANDARD = gnu99;
				GCC_DYNAMIC_NO_PIC = NO;
				GCC_NO_COMMON_BLOCKS = YES;
				GCC_OPTIMIZATION_LEVEL = 0;
				GCC_PREPROCESSOR_DEFINITIONS = (
					"DEBUG=1",
					"$(inherited)",
				);
				GCC_SYMBOLS_PRIVATE_EXTERN = NO;
				GCC_WARN_64_TO_32_BIT_CONVERSION = YES;
				GCC_WARN_ABOUT_RETURN_TYPE = YES_ERROR;
				GCC_WARN_UNDECLARED_SELECTOR = YES;
				GCC_WARN_UNINITIALIZED_AUTOS = YES_AGGRESSIVE;
				GCC_WARN_UNUSED_FUNCTION = YES;
				GCC_WARN_UNUSED_VARIABLE = YES;
				IPHONEOS_DEPLOYMENT_TARGET = 8.4;
				MTL_ENABLE_DEBUG_INFO = YES;
				ONLY_ACTIVE_ARCH = YES;
				OTHER_SWIFT_FLAGS = "-D DEBUG";
				PROVISIONING_PROFILE = "";
				SDKROOT = iphoneos;
				SWIFT_OPTIMIZATION_LEVEL = "-Onone";
				USER_HEADER_SEARCH_PATHS = "${PROJECT_DIR}/Zombies\\ Interactive/classes/ExperienceKit/utilities/third_party/**";
			};
			name = Debug;
		};
		528C3A601B826734007C59FC /* Release */ = {
			isa = XCBuildConfiguration;
			buildSettings = {
				ALWAYS_SEARCH_USER_PATHS = NO;
				CLANG_CXX_LANGUAGE_STANDARD = "gnu++0x";
				CLANG_CXX_LIBRARY = "libc++";
				CLANG_ENABLE_MODULES = YES;
				CLANG_ENABLE_OBJC_ARC = YES;
				CLANG_WARN_BLOCK_CAPTURE_AUTORELEASING = YES;
				CLANG_WARN_BOOL_CONVERSION = YES;
				CLANG_WARN_COMMA = YES;
				CLANG_WARN_CONSTANT_CONVERSION = YES;
				CLANG_WARN_DIRECT_OBJC_ISA_USAGE = YES_ERROR;
				CLANG_WARN_EMPTY_BODY = YES;
				CLANG_WARN_ENUM_CONVERSION = YES;
				CLANG_WARN_INFINITE_RECURSION = YES;
				CLANG_WARN_INT_CONVERSION = YES;
				CLANG_WARN_NON_LITERAL_NULL_CONVERSION = YES;
				CLANG_WARN_OBJC_LITERAL_CONVERSION = YES;
				CLANG_WARN_OBJC_ROOT_CLASS = YES_ERROR;
				CLANG_WARN_RANGE_LOOP_ANALYSIS = YES;
				CLANG_WARN_STRICT_PROTOTYPES = YES;
				CLANG_WARN_SUSPICIOUS_MOVE = YES;
				CLANG_WARN_UNREACHABLE_CODE = YES;
				CLANG_WARN__DUPLICATE_METHOD_MATCH = YES;
				CODE_SIGN_IDENTITY = "iPhone Distribution: Northwestern University";
				"CODE_SIGN_IDENTITY[sdk=iphoneos*]" = "iPhone Distribution: Northwestern University";
				COPY_PHASE_STRIP = NO;
				DEBUG_INFORMATION_FORMAT = "dwarf-with-dsym";
				ENABLE_BITCODE = NO;
				ENABLE_NS_ASSERTIONS = NO;
				ENABLE_STRICT_OBJC_MSGSEND = YES;
				GCC_C_LANGUAGE_STANDARD = gnu99;
				GCC_NO_COMMON_BLOCKS = YES;
				GCC_WARN_64_TO_32_BIT_CONVERSION = YES;
				GCC_WARN_ABOUT_RETURN_TYPE = YES_ERROR;
				GCC_WARN_UNDECLARED_SELECTOR = YES;
				GCC_WARN_UNINITIALIZED_AUTOS = YES_AGGRESSIVE;
				GCC_WARN_UNUSED_FUNCTION = YES;
				GCC_WARN_UNUSED_VARIABLE = YES;
				IPHONEOS_DEPLOYMENT_TARGET = 8.4;
				MTL_ENABLE_DEBUG_INFO = NO;
				PROVISIONING_PROFILE = "228df4d3-4dc3-45b4-9b57-f30e5c4da934";
				SDKROOT = iphoneos;
				SWIFT_OPTIMIZATION_LEVEL = "-Owholemodule";
				USER_HEADER_SEARCH_PATHS = "${PROJECT_DIR}/Zombies\\ Interactive/classes/ExperienceKit/utilities/third_party/**";
				VALIDATE_PRODUCT = YES;
			};
			name = Release;
		};
		528C3A621B826734007C59FC /* Debug */ = {
			isa = XCBuildConfiguration;
			buildSettings = {
				ASSETCATALOG_COMPILER_APPICON_NAME = AppIcon;
				CODE_SIGN_IDENTITY = "iPhone Developer: Olivia Barnett (DCX4SX75SQ)";
				"CODE_SIGN_IDENTITY[sdk=iphoneos*]" = "iPhone Developer: Olivia Barnett (DCX4SX75SQ)";
				CODE_SIGN_STYLE = Manual;
				DEVELOPMENT_TEAM = W4E2C6X642;
				FRAMEWORK_SEARCH_PATHS = (
					"$(inherited)",
					"$(PROJECT_DIR)/**",
				);
				INFOPLIST_FILE = "Zombies Interactive/Info.plist";
				IPHONEOS_DEPLOYMENT_TARGET = 8.0;
				LD_RUNPATH_SEARCH_PATHS = "$(inherited) @executable_path/Frameworks";
				PRODUCT_BUNDLE_IDENTIFIER = edu.northwestern.delta.I;
				PRODUCT_NAME = "Zombies Interactive";
				PROVISIONING_PROFILE = "3631cd91-e185-4986-aa1c-0be794bcff38";
				PROVISIONING_PROFILE_SPECIFIER = "Delta Lab";
				SWIFT_OBJC_BRIDGING_HEADER = "./Zombies Interactive/OEBridging-Header.h";
				SWIFT_VERSION = 3.0;
			};
			name = Debug;
		};
		528C3A631B826734007C59FC /* Release */ = {
			isa = XCBuildConfiguration;
			buildSettings = {
				ASSETCATALOG_COMPILER_APPICON_NAME = AppIcon;
				CODE_SIGN_IDENTITY = "iPhone Distribution: Northwestern University";
				"CODE_SIGN_IDENTITY[sdk=iphoneos*]" = "iPhone Distribution: Northwestern University";
				CODE_SIGN_STYLE = Manual;
				DEVELOPMENT_TEAM = 823S57WQK3;
				ENABLE_TESTABILITY = NO;
				FRAMEWORK_SEARCH_PATHS = (
					"$(inherited)",
					"$(PROJECT_DIR)/**",
				);
				INFOPLIST_FILE = "Zombies Interactive/Info.plist";
				IPHONEOS_DEPLOYMENT_TARGET = 8.0;
				LD_RUNPATH_SEARCH_PATHS = "$(inherited) @executable_path/Frameworks";
				PRODUCT_BUNDLE_IDENTIFIER = edu.northwestern.delta.I;
				PRODUCT_NAME = "Zombies Interactive";
				PROVISIONING_PROFILE = "10971dee-f217-4089-8ef0-c9ac75b962fc";
				PROVISIONING_PROFILE_SPECIFIER = "Delta Lab I";
				SWIFT_OBJC_BRIDGING_HEADER = "./Zombies Interactive/OEBridging-Header.h";
				SWIFT_VERSION = 3.0;
			};
			name = Release;
		};
/* End XCBuildConfiguration section */

/* Begin XCConfigurationList section */
		528C3A3A1B826734007C59FC /* Build configuration list for PBXProject "Zombies Interactive" */ = {
			isa = XCConfigurationList;
			buildConfigurations = (
				528C3A5F1B826734007C59FC /* Debug */,
				528C3A601B826734007C59FC /* Release */,
			);
			defaultConfigurationIsVisible = 0;
			defaultConfigurationName = Release;
		};
		528C3A611B826734007C59FC /* Build configuration list for PBXNativeTarget "Zombies Interactive" */ = {
			isa = XCConfigurationList;
			buildConfigurations = (
				528C3A621B826734007C59FC /* Debug */,
				528C3A631B826734007C59FC /* Release */,
			);
			defaultConfigurationIsVisible = 0;
			defaultConfigurationName = Release;
		};
/* End XCConfigurationList section */

/* Begin XCVersionGroup section */
		528C3A461B826734007C59FC /* Zombies-Interactive.xcdatamodeld */ = {
			isa = XCVersionGroup;
			children = (
				528C3A471B826734007C59FC /* Zombies-Interactive.xcdatamodel */,
			);
			currentVersion = 528C3A471B826734007C59FC /* Zombies-Interactive.xcdatamodel */;
			path = "Zombies-Interactive.xcdatamodeld";
			sourceTree = "<group>";
			versionGroupType = wrapper.xcdatamodel;
		};
/* End XCVersionGroup section */
	};
	rootObject = 528C3A371B826734007C59FC /* Project object */;
}
