// !$*UTF8*$!
{
	archiveVersion = 1;
	classes = {
	};
	objectVersion = 46;
	objects = {

/* Begin PBXBuildFile section */
		5241B5601BA0928F00DBC6D3 /* HomeViewController.swift in Sources */ = {isa = PBXBuildFile; fileRef = 5241B55F1BA0928F00DBC6D3 /* HomeViewController.swift */; };
		5241B5611BA0980000DBC6D3 /* SignUpLogInViewController.swift in Resources */ = {isa = PBXBuildFile; fileRef = 52D30FE11B9F645500E620FC /* SignUpLogInViewController.swift */; };
		5241B5621BA0980000DBC6D3 /* testZR.xcdatamodeld in Resources */ = {isa = PBXBuildFile; fileRef = 528C3A461B826734007C59FC /* testZR.xcdatamodeld */; };
		5241B5631BA0980000DBC6D3 /* HomeViewController.swift in Resources */ = {isa = PBXBuildFile; fileRef = 5241B55F1BA0928F00DBC6D3 /* HomeViewController.swift */; };
		5241B5711BA0E87400DBC6D3 /* AudioToolbox.framework in Frameworks */ = {isa = PBXBuildFile; fileRef = 5241B5701BA0E87400DBC6D3 /* AudioToolbox.framework */; };
		5241B5731BA0E88100DBC6D3 /* AVFoundation.framework in Frameworks */ = {isa = PBXBuildFile; fileRef = 5241B5721BA0E88100DBC6D3 /* AVFoundation.framework */; };
		5241B5791BA1C8F400DBC6D3 /* AcousticModelEnglish.bundle in Resources */ = {isa = PBXBuildFile; fileRef = 5241B5751BA1C8F400DBC6D3 /* AcousticModelEnglish.bundle */; };
		5241B57A1BA1C8F400DBC6D3 /* AcousticModelSpanish.bundle in Resources */ = {isa = PBXBuildFile; fileRef = 5241B5761BA1C8F400DBC6D3 /* AcousticModelSpanish.bundle */; };
		5241B57B1BA1C8F400DBC6D3 /* OpenEars.framework in Frameworks */ = {isa = PBXBuildFile; fileRef = 5241B5771BA1C8F400DBC6D3 /* OpenEars.framework */; };
		5241B57C1BA1C8F400DBC6D3 /* Slt.framework in Frameworks */ = {isa = PBXBuildFile; fileRef = 5241B5781BA1C8F400DBC6D3 /* Slt.framework */; };
		5241B57E1BA1D4B900DBC6D3 /* OpenEars.framework in Frameworks */ = {isa = PBXBuildFile; fileRef = 5241B5771BA1C8F400DBC6D3 /* OpenEars.framework */; };
		5241B57F1BA1D4BD00DBC6D3 /* Slt.framework in Frameworks */ = {isa = PBXBuildFile; fileRef = 5241B5781BA1C8F400DBC6D3 /* Slt.framework */; };
		5241B5801BA1D4C200DBC6D3 /* AcousticModelEnglish.bundle in Resources */ = {isa = PBXBuildFile; fileRef = 5241B5751BA1C8F400DBC6D3 /* AcousticModelEnglish.bundle */; };
		5241B5811BA1D4C800DBC6D3 /* libz.dylib in Frameworks */ = {isa = PBXBuildFile; fileRef = 528E89E01B9DEE1100C5FC8E /* libz.dylib */; };
		5241B5821BA1D4CC00DBC6D3 /* AcousticModelSpanish.bundle in Resources */ = {isa = PBXBuildFile; fileRef = 5241B5761BA1C8F400DBC6D3 /* AcousticModelSpanish.bundle */; };
		5241B5841BA1D74400DBC6D3 /* OEBridging-Header.h in Sources */ = {isa = PBXBuildFile; fileRef = 5241B5831BA1D6A200DBC6D3 /* OEBridging-Header.h */; };
		5241B5881BA1DB8B00DBC6D3 /* ActuationController.swift in Sources */ = {isa = PBXBuildFile; fileRef = 5241B5871BA1DB8B00DBC6D3 /* ActuationController.swift */; };
		527AA5911B86063E006A935C /* test_sweep.wav in Resources */ = {isa = PBXBuildFile; fileRef = 527AA5901B86063E006A935C /* test_sweep.wav */; };
		528C3A451B826734007C59FC /* AppDelegate.swift in Sources */ = {isa = PBXBuildFile; fileRef = 528C3A441B826734007C59FC /* AppDelegate.swift */; };
		528C3A481B826734007C59FC /* testZR.xcdatamodeld in Sources */ = {isa = PBXBuildFile; fileRef = 528C3A461B826734007C59FC /* testZR.xcdatamodeld */; };
		528C3A4A1B826734007C59FC /* MissionViewController.swift in Sources */ = {isa = PBXBuildFile; fileRef = 528C3A491B826734007C59FC /* MissionViewController.swift */; };
		528C3A4D1B826734007C59FC /* Main.storyboard in Resources */ = {isa = PBXBuildFile; fileRef = 528C3A4B1B826734007C59FC /* Main.storyboard */; };
		528C3A4F1B826734007C59FC /* Images.xcassets in Resources */ = {isa = PBXBuildFile; fileRef = 528C3A4E1B826734007C59FC /* Images.xcassets */; };
		528C3A521B826734007C59FC /* LaunchScreen.xib in Resources */ = {isa = PBXBuildFile; fileRef = 528C3A501B826734007C59FC /* LaunchScreen.xib */; };
		528C3A5E1B826734007C59FC /* testZRTests.swift in Sources */ = {isa = PBXBuildFile; fileRef = 528C3A5D1B826734007C59FC /* testZRTests.swift */; };
		528E89CE1B9DED1B00C5FC8E /* Bolts.framework in Frameworks */ = {isa = PBXBuildFile; fileRef = 528E89CC1B9DED1B00C5FC8E /* Bolts.framework */; };
		528E89CF1B9DED1B00C5FC8E /* Parse.framework in Frameworks */ = {isa = PBXBuildFile; fileRef = 528E89CD1B9DED1B00C5FC8E /* Parse.framework */; };
		528E89D11B9DEDCC00C5FC8E /* Accounts.framework in Frameworks */ = {isa = PBXBuildFile; fileRef = 528E89D01B9DEDCC00C5FC8E /* Accounts.framework */; };
		528E89D31B9DEDD500C5FC8E /* CFNetwork.framework in Frameworks */ = {isa = PBXBuildFile; fileRef = 528E89D21B9DEDD500C5FC8E /* CFNetwork.framework */; };
		528E89D51B9DEDDE00C5FC8E /* CoreGraphics.framework in Frameworks */ = {isa = PBXBuildFile; fileRef = 528E89D41B9DEDDE00C5FC8E /* CoreGraphics.framework */; };
		528E89D71B9DEDE700C5FC8E /* CoreLocation.framework in Frameworks */ = {isa = PBXBuildFile; fileRef = 528E89D61B9DEDE700C5FC8E /* CoreLocation.framework */; };
		528E89D91B9DEDEF00C5FC8E /* QuartzCore.framework in Frameworks */ = {isa = PBXBuildFile; fileRef = 528E89D81B9DEDEF00C5FC8E /* QuartzCore.framework */; };
		528E89DB1B9DEDF700C5FC8E /* Security.framework in Frameworks */ = {isa = PBXBuildFile; fileRef = 528E89DA1B9DEDF700C5FC8E /* Security.framework */; };
		528E89DF1B9DEE0700C5FC8E /* SystemConfiguration.framework in Frameworks */ = {isa = PBXBuildFile; fileRef = 528E89DE1B9DEE0700C5FC8E /* SystemConfiguration.framework */; };
		528E89E11B9DEE1100C5FC8E /* libz.dylib in Frameworks */ = {isa = PBXBuildFile; fileRef = 528E89E01B9DEE1100C5FC8E /* libz.dylib */; };
		528E89E31B9DEE1A00C5FC8E /* libsqlite3.dylib in Frameworks */ = {isa = PBXBuildFile; fileRef = 528E89E21B9DEE1A00C5FC8E /* libsqlite3.dylib */; };
		528E89E51B9DEE3400C5FC8E /* Social.framework in Frameworks */ = {isa = PBXBuildFile; fileRef = 528E89E41B9DEE3400C5FC8E /* Social.framework */; };
		52C267601BA8726000124458 /* Events.swift in Resources */ = {isa = PBXBuildFile; fileRef = 52F5D9961B852427002C0F17 /* Events.swift */; };
		52C267681BA9C07D00124458 /* zombie_run4.mp3 in Resources */ = {isa = PBXBuildFile; fileRef = 52C267611BA9C07D00124458 /* zombie_run4.mp3 */; };
		52C267691BA9C07D00124458 /* zombie_run3.mp3 in Resources */ = {isa = PBXBuildFile; fileRef = 52C267621BA9C07D00124458 /* zombie_run3.mp3 */; };
		52C2676A1BA9C07D00124458 /* zombie_run2.mp3 in Resources */ = {isa = PBXBuildFile; fileRef = 52C267631BA9C07D00124458 /* zombie_run2.mp3 */; };
		52C2676B1BA9C07D00124458 /* zombie_run1.mp3 in Resources */ = {isa = PBXBuildFile; fileRef = 52C267641BA9C07D00124458 /* zombie_run1.mp3 */; };
		52C2676C1BA9C07D00124458 /* zombie_run_interactive3.mp3 in Resources */ = {isa = PBXBuildFile; fileRef = 52C267651BA9C07D00124458 /* zombie_run_interactive3.mp3 */; };
		52C2676D1BA9C07D00124458 /* zombie_run_interactive2.mp3 in Resources */ = {isa = PBXBuildFile; fileRef = 52C267661BA9C07D00124458 /* zombie_run_interactive2.mp3 */; };
		52C2676E1BA9C07D00124458 /* zombie_run_interactive1.mp3 in Resources */ = {isa = PBXBuildFile; fileRef = 52C267671BA9C07D00124458 /* zombie_run_interactive1.mp3 */; };
		52D30FE21B9F645500E620FC /* SignUpLogInViewController.swift in Sources */ = {isa = PBXBuildFile; fileRef = 52D30FE11B9F645500E620FC /* SignUpLogInViewController.swift */; };
		52F5D9821B85187A002C0F17 /* common in Resources */ = {isa = PBXBuildFile; fileRef = 52F5D9811B85187A002C0F17 /* common */; };
		52F5D9831B8518CF002C0F17 /* common in Sources */ = {isa = PBXBuildFile; fileRef = 52F5D9811B85187A002C0F17 /* common */; };
		52F5D9851B85191B002C0F17 /* ExperienceManager.swift in Sources */ = {isa = PBXBuildFile; fileRef = 52F5D9841B85191B002C0F17 /* ExperienceManager.swift */; };
		52F5D9951B8519E6002C0F17 /* Stage.swift in Sources */ = {isa = PBXBuildFile; fileRef = 52F5D9941B8519E6002C0F17 /* Stage.swift */; };
		52F5D9971B852427002C0F17 /* Events.swift in Sources */ = {isa = PBXBuildFile; fileRef = 52F5D9961B852427002C0F17 /* Events.swift */; };
/* End PBXBuildFile section */

/* Begin PBXContainerItemProxy section */
		528C3A581B826734007C59FC /* PBXContainerItemProxy */ = {
			isa = PBXContainerItemProxy;
			containerPortal = 528C3A371B826734007C59FC /* Project object */;
			proxyType = 1;
			remoteGlobalIDString = 528C3A3E1B826734007C59FC;
			remoteInfo = testZR;
		};
/* End PBXContainerItemProxy section */

/* Begin PBXFileReference section */
		5241B55F1BA0928F00DBC6D3 /* HomeViewController.swift */ = {isa = PBXFileReference; fileEncoding = 4; lastKnownFileType = sourcecode.swift; path = HomeViewController.swift; sourceTree = "<group>"; };
		5241B5701BA0E87400DBC6D3 /* AudioToolbox.framework */ = {isa = PBXFileReference; lastKnownFileType = wrapper.framework; name = AudioToolbox.framework; path = System/Library/Frameworks/AudioToolbox.framework; sourceTree = SDKROOT; };
		5241B5721BA0E88100DBC6D3 /* AVFoundation.framework */ = {isa = PBXFileReference; lastKnownFileType = wrapper.framework; name = AVFoundation.framework; path = System/Library/Frameworks/AVFoundation.framework; sourceTree = SDKROOT; };
		5241B5751BA1C8F400DBC6D3 /* AcousticModelEnglish.bundle */ = {isa = PBXFileReference; lastKnownFileType = "wrapper.plug-in"; path = AcousticModelEnglish.bundle; sourceTree = "<group>"; };
		5241B5761BA1C8F400DBC6D3 /* AcousticModelSpanish.bundle */ = {isa = PBXFileReference; lastKnownFileType = "wrapper.plug-in"; path = AcousticModelSpanish.bundle; sourceTree = "<group>"; };
		5241B5771BA1C8F400DBC6D3 /* OpenEars.framework */ = {isa = PBXFileReference; lastKnownFileType = wrapper.framework; path = OpenEars.framework; sourceTree = "<group>"; };
		5241B5781BA1C8F400DBC6D3 /* Slt.framework */ = {isa = PBXFileReference; lastKnownFileType = wrapper.framework; path = Slt.framework; sourceTree = "<group>"; };
		5241B5831BA1D6A200DBC6D3 /* OEBridging-Header.h */ = {isa = PBXFileReference; lastKnownFileType = sourcecode.c.h; path = "OEBridging-Header.h"; sourceTree = "<group>"; };
		5241B5871BA1DB8B00DBC6D3 /* ActuationController.swift */ = {isa = PBXFileReference; fileEncoding = 4; lastKnownFileType = sourcecode.swift; path = ActuationController.swift; sourceTree = "<group>"; };
		527AA5901B86063E006A935C /* test_sweep.wav */ = {isa = PBXFileReference; lastKnownFileType = audio.wav; path = test_sweep.wav; sourceTree = "<group>"; };
		528C3A3F1B826734007C59FC /* testZR.app */ = {isa = PBXFileReference; explicitFileType = wrapper.application; includeInIndex = 0; path = testZR.app; sourceTree = BUILT_PRODUCTS_DIR; };
		528C3A431B826734007C59FC /* Info.plist */ = {isa = PBXFileReference; lastKnownFileType = text.plist.xml; path = Info.plist; sourceTree = "<group>"; };
		528C3A441B826734007C59FC /* AppDelegate.swift */ = {isa = PBXFileReference; lastKnownFileType = sourcecode.swift; path = AppDelegate.swift; sourceTree = "<group>"; };
		528C3A471B826734007C59FC /* testZR.xcdatamodel */ = {isa = PBXFileReference; lastKnownFileType = wrapper.xcdatamodel; path = testZR.xcdatamodel; sourceTree = "<group>"; };
		528C3A491B826734007C59FC /* MissionViewController.swift */ = {isa = PBXFileReference; lastKnownFileType = sourcecode.swift; path = MissionViewController.swift; sourceTree = "<group>"; };
		528C3A4C1B826734007C59FC /* Base */ = {isa = PBXFileReference; lastKnownFileType = file.storyboard; name = Base; path = Base.lproj/Main.storyboard; sourceTree = "<group>"; };
		528C3A4E1B826734007C59FC /* Images.xcassets */ = {isa = PBXFileReference; lastKnownFileType = folder.assetcatalog; path = Images.xcassets; sourceTree = "<group>"; };
		528C3A511B826734007C59FC /* Base */ = {isa = PBXFileReference; lastKnownFileType = file.xib; name = Base; path = Base.lproj/LaunchScreen.xib; sourceTree = "<group>"; };
		528C3A571B826734007C59FC /* testZRTests.xctest */ = {isa = PBXFileReference; explicitFileType = wrapper.cfbundle; includeInIndex = 0; path = testZRTests.xctest; sourceTree = BUILT_PRODUCTS_DIR; };
		528C3A5C1B826734007C59FC /* Info.plist */ = {isa = PBXFileReference; lastKnownFileType = text.plist.xml; path = Info.plist; sourceTree = "<group>"; };
		528C3A5D1B826734007C59FC /* testZRTests.swift */ = {isa = PBXFileReference; lastKnownFileType = sourcecode.swift; path = testZRTests.swift; sourceTree = "<group>"; };
		528C3A951B8271F6007C59FC /* HabitKit.framework */ = {isa = PBXFileReference; lastKnownFileType = wrapper.framework; name = HabitKit.framework; path = "../../../../../../Library/Developer/Xcode/DerivedData/HabitSourceKit-ditdgcceiqeunwbwzgtrzkwmwkhz/Build/Products/Debug-iphoneos/HabitKit.framework"; sourceTree = "<group>"; };
		528E89CC1B9DED1B00C5FC8E /* Bolts.framework */ = {isa = PBXFileReference; lastKnownFileType = wrapper.framework; path = Bolts.framework; sourceTree = "<group>"; };
		528E89CD1B9DED1B00C5FC8E /* Parse.framework */ = {isa = PBXFileReference; lastKnownFileType = wrapper.framework; path = Parse.framework; sourceTree = "<group>"; };
		528E89D01B9DEDCC00C5FC8E /* Accounts.framework */ = {isa = PBXFileReference; lastKnownFileType = wrapper.framework; name = Accounts.framework; path = System/Library/Frameworks/Accounts.framework; sourceTree = SDKROOT; };
		528E89D21B9DEDD500C5FC8E /* CFNetwork.framework */ = {isa = PBXFileReference; lastKnownFileType = wrapper.framework; name = CFNetwork.framework; path = System/Library/Frameworks/CFNetwork.framework; sourceTree = SDKROOT; };
		528E89D41B9DEDDE00C5FC8E /* CoreGraphics.framework */ = {isa = PBXFileReference; lastKnownFileType = wrapper.framework; name = CoreGraphics.framework; path = System/Library/Frameworks/CoreGraphics.framework; sourceTree = SDKROOT; };
		528E89D61B9DEDE700C5FC8E /* CoreLocation.framework */ = {isa = PBXFileReference; lastKnownFileType = wrapper.framework; name = CoreLocation.framework; path = System/Library/Frameworks/CoreLocation.framework; sourceTree = SDKROOT; };
		528E89D81B9DEDEF00C5FC8E /* QuartzCore.framework */ = {isa = PBXFileReference; lastKnownFileType = wrapper.framework; name = QuartzCore.framework; path = System/Library/Frameworks/QuartzCore.framework; sourceTree = SDKROOT; };
		528E89DA1B9DEDF700C5FC8E /* Security.framework */ = {isa = PBXFileReference; lastKnownFileType = wrapper.framework; name = Security.framework; path = System/Library/Frameworks/Security.framework; sourceTree = SDKROOT; };
		528E89DE1B9DEE0700C5FC8E /* SystemConfiguration.framework */ = {isa = PBXFileReference; lastKnownFileType = wrapper.framework; name = SystemConfiguration.framework; path = System/Library/Frameworks/SystemConfiguration.framework; sourceTree = SDKROOT; };
		528E89E01B9DEE1100C5FC8E /* libz.dylib */ = {isa = PBXFileReference; lastKnownFileType = "compiled.mach-o.dylib"; name = libz.dylib; path = usr/lib/libz.dylib; sourceTree = SDKROOT; };
		528E89E21B9DEE1A00C5FC8E /* libsqlite3.dylib */ = {isa = PBXFileReference; lastKnownFileType = "compiled.mach-o.dylib"; name = libsqlite3.dylib; path = usr/lib/libsqlite3.dylib; sourceTree = SDKROOT; };
		528E89E41B9DEE3400C5FC8E /* Social.framework */ = {isa = PBXFileReference; lastKnownFileType = wrapper.framework; name = Social.framework; path = System/Library/Frameworks/Social.framework; sourceTree = SDKROOT; };
		52C267611BA9C07D00124458 /* zombie_run4.mp3 */ = {isa = PBXFileReference; lastKnownFileType = audio.mp3; path = zombie_run4.mp3; sourceTree = "<group>"; };
		52C267621BA9C07D00124458 /* zombie_run3.mp3 */ = {isa = PBXFileReference; lastKnownFileType = audio.mp3; path = zombie_run3.mp3; sourceTree = "<group>"; };
		52C267631BA9C07D00124458 /* zombie_run2.mp3 */ = {isa = PBXFileReference; lastKnownFileType = audio.mp3; path = zombie_run2.mp3; sourceTree = "<group>"; };
		52C267641BA9C07D00124458 /* zombie_run1.mp3 */ = {isa = PBXFileReference; lastKnownFileType = audio.mp3; path = zombie_run1.mp3; sourceTree = "<group>"; };
		52C267651BA9C07D00124458 /* zombie_run_interactive3.mp3 */ = {isa = PBXFileReference; lastKnownFileType = audio.mp3; path = zombie_run_interactive3.mp3; sourceTree = "<group>"; };
		52C267661BA9C07D00124458 /* zombie_run_interactive2.mp3 */ = {isa = PBXFileReference; lastKnownFileType = audio.mp3; path = zombie_run_interactive2.mp3; sourceTree = "<group>"; };
		52C267671BA9C07D00124458 /* zombie_run_interactive1.mp3 */ = {isa = PBXFileReference; lastKnownFileType = audio.mp3; path = zombie_run_interactive1.mp3; sourceTree = "<group>"; };
		52D30FE11B9F645500E620FC /* SignUpLogInViewController.swift */ = {isa = PBXFileReference; fileEncoding = 4; lastKnownFileType = sourcecode.swift; path = SignUpLogInViewController.swift; sourceTree = "<group>"; };
		52F5D9811B85187A002C0F17 /* common */ = {isa = PBXFileReference; lastKnownFileType = folder; name = common; path = ../common; sourceTree = "<group>"; };
		52F5D9841B85191B002C0F17 /* ExperienceManager.swift */ = {isa = PBXFileReference; fileEncoding = 4; lastKnownFileType = sourcecode.swift; name = ExperienceManager.swift; path = ../../common/ExperienceManager.swift; sourceTree = "<group>"; };
		52F5D9941B8519E6002C0F17 /* Stage.swift */ = {isa = PBXFileReference; fileEncoding = 4; lastKnownFileType = sourcecode.swift; path = Stage.swift; sourceTree = "<group>"; };
		52F5D9961B852427002C0F17 /* Events.swift */ = {isa = PBXFileReference; fileEncoding = 4; lastKnownFileType = sourcecode.swift; path = Events.swift; sourceTree = "<group>"; };
/* End PBXFileReference section */

/* Begin PBXFrameworksBuildPhase section */
		528C3A3C1B826734007C59FC /* Frameworks */ = {
			isa = PBXFrameworksBuildPhase;
			buildActionMask = 2147483647;
			files = (
				5241B5731BA0E88100DBC6D3 /* AVFoundation.framework in Frameworks */,
				5241B5711BA0E87400DBC6D3 /* AudioToolbox.framework in Frameworks */,
				528E89E51B9DEE3400C5FC8E /* Social.framework in Frameworks */,
				528E89D11B9DEDCC00C5FC8E /* Accounts.framework in Frameworks */,
				528E89E31B9DEE1A00C5FC8E /* libsqlite3.dylib in Frameworks */,
				528E89E11B9DEE1100C5FC8E /* libz.dylib in Frameworks */,
				5241B57C1BA1C8F400DBC6D3 /* Slt.framework in Frameworks */,
				528E89DF1B9DEE0700C5FC8E /* SystemConfiguration.framework in Frameworks */,
				528E89DB1B9DEDF700C5FC8E /* Security.framework in Frameworks */,
				528E89D91B9DEDEF00C5FC8E /* QuartzCore.framework in Frameworks */,
				528E89D71B9DEDE700C5FC8E /* CoreLocation.framework in Frameworks */,
				5241B57B1BA1C8F400DBC6D3 /* OpenEars.framework in Frameworks */,
				528E89D51B9DEDDE00C5FC8E /* CoreGraphics.framework in Frameworks */,
				528E89D31B9DEDD500C5FC8E /* CFNetwork.framework in Frameworks */,
				528E89CF1B9DED1B00C5FC8E /* Parse.framework in Frameworks */,
				528E89CE1B9DED1B00C5FC8E /* Bolts.framework in Frameworks */,
			);
			runOnlyForDeploymentPostprocessing = 0;
		};
		528C3A541B826734007C59FC /* Frameworks */ = {
			isa = PBXFrameworksBuildPhase;
			buildActionMask = 2147483647;
			files = (
				5241B57F1BA1D4BD00DBC6D3 /* Slt.framework in Frameworks */,
				5241B57E1BA1D4B900DBC6D3 /* OpenEars.framework in Frameworks */,
				5241B5811BA1D4C800DBC6D3 /* libz.dylib in Frameworks */,
			);
			runOnlyForDeploymentPostprocessing = 0;
		};
/* End PBXFrameworksBuildPhase section */

/* Begin PBXGroup section */
		5241B5741BA1C8F400DBC6D3 /* Framework */ = {
			isa = PBXGroup;
			children = (
				5241B5751BA1C8F400DBC6D3 /* AcousticModelEnglish.bundle */,
				5241B5761BA1C8F400DBC6D3 /* AcousticModelSpanish.bundle */,
				5241B5771BA1C8F400DBC6D3 /* OpenEars.framework */,
				5241B5781BA1C8F400DBC6D3 /* Slt.framework */,
			);
			path = Framework;
			sourceTree = "<group>";
		};
		528C3A361B826734007C59FC = {
			isa = PBXGroup;
			children = (
				5241B5721BA0E88100DBC6D3 /* AVFoundation.framework */,
				5241B5701BA0E87400DBC6D3 /* AudioToolbox.framework */,
				528E89E41B9DEE3400C5FC8E /* Social.framework */,
				528E89E21B9DEE1A00C5FC8E /* libsqlite3.dylib */,
				5241B5741BA1C8F400DBC6D3 /* Framework */,
				528E89E01B9DEE1100C5FC8E /* libz.dylib */,
				528E89DE1B9DEE0700C5FC8E /* SystemConfiguration.framework */,
				528E89DA1B9DEDF700C5FC8E /* Security.framework */,
				528E89D81B9DEDEF00C5FC8E /* QuartzCore.framework */,
				528E89D61B9DEDE700C5FC8E /* CoreLocation.framework */,
				528E89D41B9DEDDE00C5FC8E /* CoreGraphics.framework */,
				528E89D21B9DEDD500C5FC8E /* CFNetwork.framework */,
				528E89D01B9DEDCC00C5FC8E /* Accounts.framework */,
				528E89CC1B9DED1B00C5FC8E /* Bolts.framework */,
				528E89CD1B9DED1B00C5FC8E /* Parse.framework */,
				52F5D9811B85187A002C0F17 /* common */,
				528C3A951B8271F6007C59FC /* HabitKit.framework */,
				528C3A411B826734007C59FC /* testZR */,
				528C3A5A1B826734007C59FC /* testZRTests */,
				528C3A401B826734007C59FC /* Products */,
			);
			sourceTree = "<group>";
		};
		528C3A401B826734007C59FC /* Products */ = {
			isa = PBXGroup;
			children = (
				528C3A3F1B826734007C59FC /* testZR.app */,
				528C3A571B826734007C59FC /* testZRTests.xctest */,
			);
			name = Products;
			sourceTree = "<group>";
		};
		528C3A411B826734007C59FC /* testZR */ = {
			isa = PBXGroup;
			children = (
				52C267611BA9C07D00124458 /* zombie_run4.mp3 */,
				52C267621BA9C07D00124458 /* zombie_run3.mp3 */,
				52C267631BA9C07D00124458 /* zombie_run2.mp3 */,
				52C267641BA9C07D00124458 /* zombie_run1.mp3 */,
				52C267651BA9C07D00124458 /* zombie_run_interactive3.mp3 */,
				52C267661BA9C07D00124458 /* zombie_run_interactive2.mp3 */,
				52C267671BA9C07D00124458 /* zombie_run_interactive1.mp3 */,
				527AA5901B86063E006A935C /* test_sweep.wav */,
				5241B55F1BA0928F00DBC6D3 /* HomeViewController.swift */,
				52F5D9841B85191B002C0F17 /* ExperienceManager.swift */,
				52F5D9961B852427002C0F17 /* Events.swift */,
				52F5D9941B8519E6002C0F17 /* Stage.swift */,
				5241B5871BA1DB8B00DBC6D3 /* ActuationController.swift */,
				528C3A441B826734007C59FC /* AppDelegate.swift */,
				528C3A491B826734007C59FC /* MissionViewController.swift */,
				52D30FE11B9F645500E620FC /* SignUpLogInViewController.swift */,
				528C3A4B1B826734007C59FC /* Main.storyboard */,
				528C3A4E1B826734007C59FC /* Images.xcassets */,
				528C3A501B826734007C59FC /* LaunchScreen.xib */,
				528C3A461B826734007C59FC /* testZR.xcdatamodeld */,
				528C3A421B826734007C59FC /* Supporting Files */,
				5241B5831BA1D6A200DBC6D3 /* OEBridging-Header.h */,
			);
			path = testZR;
			sourceTree = "<group>";
		};
		528C3A421B826734007C59FC /* Supporting Files */ = {
			isa = PBXGroup;
			children = (
				528C3A431B826734007C59FC /* Info.plist */,
			);
			name = "Supporting Files";
			sourceTree = "<group>";
		};
		528C3A5A1B826734007C59FC /* testZRTests */ = {
			isa = PBXGroup;
			children = (
				528C3A5D1B826734007C59FC /* testZRTests.swift */,
				528C3A5B1B826734007C59FC /* Supporting Files */,
			);
			path = testZRTests;
			sourceTree = "<group>";
		};
		528C3A5B1B826734007C59FC /* Supporting Files */ = {
			isa = PBXGroup;
			children = (
				528C3A5C1B826734007C59FC /* Info.plist */,
			);
			name = "Supporting Files";
			sourceTree = "<group>";
		};
/* End PBXGroup section */

/* Begin PBXNativeTarget section */
		528C3A3E1B826734007C59FC /* testZR */ = {
			isa = PBXNativeTarget;
			buildConfigurationList = 528C3A611B826734007C59FC /* Build configuration list for PBXNativeTarget "testZR" */;
			buildPhases = (
				528C3A3B1B826734007C59FC /* Sources */,
				528C3A3C1B826734007C59FC /* Frameworks */,
				528C3A3D1B826734007C59FC /* Resources */,
			);
			buildRules = (
			);
			dependencies = (
			);
			name = testZR;
			productName = testZR;
			productReference = 528C3A3F1B826734007C59FC /* testZR.app */;
			productType = "com.apple.product-type.application";
		};
		528C3A561B826734007C59FC /* testZRTests */ = {
			isa = PBXNativeTarget;
			buildConfigurationList = 528C3A641B826734007C59FC /* Build configuration list for PBXNativeTarget "testZRTests" */;
			buildPhases = (
				528C3A531B826734007C59FC /* Sources */,
				528C3A541B826734007C59FC /* Frameworks */,
				528C3A551B826734007C59FC /* Resources */,
			);
			buildRules = (
			);
			dependencies = (
				528C3A591B826734007C59FC /* PBXTargetDependency */,
			);
			name = testZRTests;
			productName = testZRTests;
			productReference = 528C3A571B826734007C59FC /* testZRTests.xctest */;
			productType = "com.apple.product-type.bundle.unit-test";
		};
/* End PBXNativeTarget section */

/* Begin PBXProject section */
		528C3A371B826734007C59FC /* Project object */ = {
			isa = PBXProject;
			attributes = {
				LastUpgradeCheck = 0640;
				ORGANIZATIONNAME = "Scott Cambo";
				TargetAttributes = {
					528C3A3E1B826734007C59FC = {
						CreatedOnToolsVersion = 6.4;
						DevelopmentTeam = W4E2C6X642;
						SystemCapabilities = {
							com.apple.InAppPurchase = {
								enabled = 0;
							};
						};
					};
					528C3A561B826734007C59FC = {
						CreatedOnToolsVersion = 6.4;
						TestTargetID = 528C3A3E1B826734007C59FC;
					};
				};
			};
			buildConfigurationList = 528C3A3A1B826734007C59FC /* Build configuration list for PBXProject "testZR" */;
			compatibilityVersion = "Xcode 3.2";
			developmentRegion = English;
			hasScannedForEncodings = 0;
			knownRegions = (
				en,
				Base,
			);
			mainGroup = 528C3A361B826734007C59FC;
			productRefGroup = 528C3A401B826734007C59FC /* Products */;
			projectDirPath = "";
			projectRoot = "";
			targets = (
				528C3A3E1B826734007C59FC /* testZR */,
				528C3A561B826734007C59FC /* testZRTests */,
			);
		};
/* End PBXProject section */

/* Begin PBXResourcesBuildPhase section */
		528C3A3D1B826734007C59FC /* Resources */ = {
			isa = PBXResourcesBuildPhase;
			buildActionMask = 2147483647;
			files = (
				52C267601BA8726000124458 /* Events.swift in Resources */,
				5241B5611BA0980000DBC6D3 /* SignUpLogInViewController.swift in Resources */,
				5241B5621BA0980000DBC6D3 /* testZR.xcdatamodeld in Resources */,
				52C2676C1BA9C07D00124458 /* zombie_run_interactive3.mp3 in Resources */,
				52C2676A1BA9C07D00124458 /* zombie_run2.mp3 in Resources */,
				52C267681BA9C07D00124458 /* zombie_run4.mp3 in Resources */,
				5241B5631BA0980000DBC6D3 /* HomeViewController.swift in Resources */,
				52C267691BA9C07D00124458 /* zombie_run3.mp3 in Resources */,
				528C3A4D1B826734007C59FC /* Main.storyboard in Resources */,
				528C3A521B826734007C59FC /* LaunchScreen.xib in Resources */,
				52C2676B1BA9C07D00124458 /* zombie_run1.mp3 in Resources */,
				5241B57A1BA1C8F400DBC6D3 /* AcousticModelSpanish.bundle in Resources */,
				527AA5911B86063E006A935C /* test_sweep.wav in Resources */,
				5241B5791BA1C8F400DBC6D3 /* AcousticModelEnglish.bundle in Resources */,
				528C3A4F1B826734007C59FC /* Images.xcassets in Resources */,
				52C2676D1BA9C07D00124458 /* zombie_run_interactive2.mp3 in Resources */,
				52F5D9821B85187A002C0F17 /* common in Resources */,
				52C2676E1BA9C07D00124458 /* zombie_run_interactive1.mp3 in Resources */,
			);
			runOnlyForDeploymentPostprocessing = 0;
		};
		528C3A551B826734007C59FC /* Resources */ = {
			isa = PBXResourcesBuildPhase;
			buildActionMask = 2147483647;
			files = (
				5241B5801BA1D4C200DBC6D3 /* AcousticModelEnglish.bundle in Resources */,
				5241B5821BA1D4CC00DBC6D3 /* AcousticModelSpanish.bundle in Resources */,
			);
			runOnlyForDeploymentPostprocessing = 0;
		};
/* End PBXResourcesBuildPhase section */

/* Begin PBXSourcesBuildPhase section */
		528C3A3B1B826734007C59FC /* Sources */ = {
			isa = PBXSourcesBuildPhase;
			buildActionMask = 2147483647;
			files = (
				5241B5841BA1D74400DBC6D3 /* OEBridging-Header.h in Sources */,
				52D30FE21B9F645500E620FC /* SignUpLogInViewController.swift in Sources */,
				5241B5881BA1DB8B00DBC6D3 /* ActuationController.swift in Sources */,
				52F5D9951B8519E6002C0F17 /* Stage.swift in Sources */,
				52F5D9851B85191B002C0F17 /* ExperienceManager.swift in Sources */,
				52F5D9831B8518CF002C0F17 /* common in Sources */,
				528C3A4A1B826734007C59FC /* MissionViewController.swift in Sources */,
				5241B5601BA0928F00DBC6D3 /* HomeViewController.swift in Sources */,
				52F5D9971B852427002C0F17 /* Events.swift in Sources */,
				528C3A451B826734007C59FC /* AppDelegate.swift in Sources */,
				528C3A481B826734007C59FC /* testZR.xcdatamodeld in Sources */,
			);
			runOnlyForDeploymentPostprocessing = 0;
		};
		528C3A531B826734007C59FC /* Sources */ = {
			isa = PBXSourcesBuildPhase;
			buildActionMask = 2147483647;
			files = (
				528C3A5E1B826734007C59FC /* testZRTests.swift in Sources */,
			);
			runOnlyForDeploymentPostprocessing = 0;
		};
/* End PBXSourcesBuildPhase section */

/* Begin PBXTargetDependency section */
		528C3A591B826734007C59FC /* PBXTargetDependency */ = {
			isa = PBXTargetDependency;
			target = 528C3A3E1B826734007C59FC /* testZR */;
			targetProxy = 528C3A581B826734007C59FC /* PBXContainerItemProxy */;
		};
/* End PBXTargetDependency section */

/* Begin PBXVariantGroup section */
		528C3A4B1B826734007C59FC /* Main.storyboard */ = {
			isa = PBXVariantGroup;
			children = (
				528C3A4C1B826734007C59FC /* Base */,
			);
			name = Main.storyboard;
			sourceTree = "<group>";
		};
		528C3A501B826734007C59FC /* LaunchScreen.xib */ = {
			isa = PBXVariantGroup;
			children = (
				528C3A511B826734007C59FC /* Base */,
			);
			name = LaunchScreen.xib;
			sourceTree = "<group>";
		};
/* End PBXVariantGroup section */

/* Begin XCBuildConfiguration section */
		528C3A5F1B826734007C59FC /* Debug */ = {
			isa = XCBuildConfiguration;
			buildSettings = {
				ALWAYS_SEARCH_USER_PATHS = NO;
				CLANG_CXX_LANGUAGE_STANDARD = "gnu++0x";
				CLANG_CXX_LIBRARY = "libc++";
				CLANG_ENABLE_MODULES = YES;
				CLANG_ENABLE_OBJC_ARC = YES;
				CLANG_WARN_BOOL_CONVERSION = YES;
				CLANG_WARN_CONSTANT_CONVERSION = YES;
				CLANG_WARN_DIRECT_OBJC_ISA_USAGE = YES_ERROR;
				CLANG_WARN_EMPTY_BODY = YES;
				CLANG_WARN_ENUM_CONVERSION = YES;
				CLANG_WARN_INT_CONVERSION = YES;
				CLANG_WARN_OBJC_ROOT_CLASS = YES_ERROR;
				CLANG_WARN_UNREACHABLE_CODE = YES;
				CLANG_WARN__DUPLICATE_METHOD_MATCH = YES;
				"CODE_SIGN_IDENTITY[sdk=iphoneos*]" = "iPhone Developer";
				COPY_PHASE_STRIP = NO;
				DEBUG_INFORMATION_FORMAT = "dwarf-with-dsym";
				ENABLE_STRICT_OBJC_MSGSEND = YES;
				GCC_C_LANGUAGE_STANDARD = gnu99;
				GCC_DYNAMIC_NO_PIC = NO;
				GCC_NO_COMMON_BLOCKS = YES;
				GCC_OPTIMIZATION_LEVEL = 0;
				GCC_PREPROCESSOR_DEFINITIONS = (
					"DEBUG=1",
					"$(inherited)",
				);
				GCC_SYMBOLS_PRIVATE_EXTERN = NO;
				GCC_WARN_64_TO_32_BIT_CONVERSION = YES;
				GCC_WARN_ABOUT_RETURN_TYPE = YES_ERROR;
				GCC_WARN_UNDECLARED_SELECTOR = YES;
				GCC_WARN_UNINITIALIZED_AUTOS = YES_AGGRESSIVE;
				GCC_WARN_UNUSED_FUNCTION = YES;
				GCC_WARN_UNUSED_VARIABLE = YES;
				IPHONEOS_DEPLOYMENT_TARGET = 8.4;
				MTL_ENABLE_DEBUG_INFO = YES;
				ONLY_ACTIVE_ARCH = YES;
				SDKROOT = iphoneos;
				SWIFT_OPTIMIZATION_LEVEL = "-Onone";
			};
			name = Debug;
		};
		528C3A601B826734007C59FC /* Release */ = {
			isa = XCBuildConfiguration;
			buildSettings = {
				ALWAYS_SEARCH_USER_PATHS = NO;
				CLANG_CXX_LANGUAGE_STANDARD = "gnu++0x";
				CLANG_CXX_LIBRARY = "libc++";
				CLANG_ENABLE_MODULES = YES;
				CLANG_ENABLE_OBJC_ARC = YES;
				CLANG_WARN_BOOL_CONVERSION = YES;
				CLANG_WARN_CONSTANT_CONVERSION = YES;
				CLANG_WARN_DIRECT_OBJC_ISA_USAGE = YES_ERROR;
				CLANG_WARN_EMPTY_BODY = YES;
				CLANG_WARN_ENUM_CONVERSION = YES;
				CLANG_WARN_INT_CONVERSION = YES;
				CLANG_WARN_OBJC_ROOT_CLASS = YES_ERROR;
				CLANG_WARN_UNREACHABLE_CODE = YES;
				CLANG_WARN__DUPLICATE_METHOD_MATCH = YES;
				"CODE_SIGN_IDENTITY[sdk=iphoneos*]" = "iPhone Developer";
				COPY_PHASE_STRIP = NO;
				DEBUG_INFORMATION_FORMAT = "dwarf-with-dsym";
				ENABLE_NS_ASSERTIONS = NO;
				ENABLE_STRICT_OBJC_MSGSEND = YES;
				GCC_C_LANGUAGE_STANDARD = gnu99;
				GCC_NO_COMMON_BLOCKS = YES;
				GCC_WARN_64_TO_32_BIT_CONVERSION = YES;
				GCC_WARN_ABOUT_RETURN_TYPE = YES_ERROR;
				GCC_WARN_UNDECLARED_SELECTOR = YES;
				GCC_WARN_UNINITIALIZED_AUTOS = YES_AGGRESSIVE;
				GCC_WARN_UNUSED_FUNCTION = YES;
				GCC_WARN_UNUSED_VARIABLE = YES;
				IPHONEOS_DEPLOYMENT_TARGET = 8.4;
				MTL_ENABLE_DEBUG_INFO = NO;
				SDKROOT = iphoneos;
				VALIDATE_PRODUCT = YES;
			};
			name = Release;
		};
		528C3A621B826734007C59FC /* Debug */ = {
			isa = XCBuildConfiguration;
			buildSettings = {
				ASSETCATALOG_COMPILER_APPICON_NAME = AppIcon;
				CODE_SIGN_IDENTITY = "iPhone Developer";
				FRAMEWORK_SEARCH_PATHS = (
					"$(inherited)",
					"/Users/cambo/Documents/grad_school/dtr/citizen_science/HabitSourceKit/HabitKit/build/Debug-iphoneos",
					"$(USER_LIBRARY_DIR)/Developer/Xcode/DerivedData/HabitSourceKit-ditdgcceiqeunwbwzgtrzkwmwkhz/Build/Products/Debug-iphoneos",
					"$(PROJECT_DIR)",
					"$(PROJECT_DIR)/Framework",
				);
				INFOPLIST_FILE = testZR/Info.plist;
				LD_RUNPATH_SEARCH_PATHS = "$(inherited) @executable_path/Frameworks";
				PRODUCT_NAME = "$(TARGET_NAME)";
				SWIFT_OBJC_BRIDGING_HEADER = "OEBridging-Header.h";
			};
			name = Debug;
		};
		528C3A631B826734007C59FC /* Release */ = {
			isa = XCBuildConfiguration;
			buildSettings = {
				ASSETCATALOG_COMPILER_APPICON_NAME = AppIcon;
				CODE_SIGN_IDENTITY = "iPhone Developer";
				FRAMEWORK_SEARCH_PATHS = (
					"$(inherited)",
					"/Users/cambo/Documents/grad_school/dtr/citizen_science/HabitSourceKit/HabitKit/build/Debug-iphoneos",
					"$(USER_LIBRARY_DIR)/Developer/Xcode/DerivedData/HabitSourceKit-ditdgcceiqeunwbwzgtrzkwmwkhz/Build/Products/Debug-iphoneos",
					"$(PROJECT_DIR)",
					"$(PROJECT_DIR)/Framework",
				);
				INFOPLIST_FILE = testZR/Info.plist;
				LD_RUNPATH_SEARCH_PATHS = "$(inherited) @executable_path/Frameworks";
				PRODUCT_NAME = "$(TARGET_NAME)";
				SWIFT_OBJC_BRIDGING_HEADER = "OEBridging-Header.h";
			};
			name = Release;
		};
		528C3A651B826734007C59FC /* Debug */ = {
			isa = XCBuildConfiguration;
			buildSettings = {
				BUNDLE_LOADER = "$(TEST_HOST)";
				FRAMEWORK_SEARCH_PATHS = (
					"$(SDKROOT)/Developer/Library/Frameworks",
					"$(inherited)",
					"$(PROJECT_DIR)/Framework",
				);
				GCC_PREPROCESSOR_DEFINITIONS = (
					"DEBUG=1",
					"$(inherited)",
				);
				INFOPLIST_FILE = testZRTests/Info.plist;
				LD_RUNPATH_SEARCH_PATHS = "$(inherited) @executable_path/Frameworks @loader_path/Frameworks";
				PRODUCT_NAME = "$(TARGET_NAME)";
				TEST_HOST = "$(BUILT_PRODUCTS_DIR)/testZR.app/testZR";
			};
			name = Debug;
		};
		528C3A661B826734007C59FC /* Release */ = {
			isa = XCBuildConfiguration;
			buildSettings = {
				BUNDLE_LOADER = "$(TEST_HOST)";
				FRAMEWORK_SEARCH_PATHS = (
					"$(SDKROOT)/Developer/Library/Frameworks",
					"$(inherited)",
					"$(PROJECT_DIR)/Framework",
				);
				INFOPLIST_FILE = testZRTests/Info.plist;
				LD_RUNPATH_SEARCH_PATHS = "$(inherited) @executable_path/Frameworks @loader_path/Frameworks";
				PRODUCT_NAME = "$(TARGET_NAME)";
				TEST_HOST = "$(BUILT_PRODUCTS_DIR)/testZR.app/testZR";
			};
			name = Release;
		};
/* End XCBuildConfiguration section */

/* Begin XCConfigurationList section */
		528C3A3A1B826734007C59FC /* Build configuration list for PBXProject "testZR" */ = {
			isa = XCConfigurationList;
			buildConfigurations = (
				528C3A5F1B826734007C59FC /* Debug */,
				528C3A601B826734007C59FC /* Release */,
			);
			defaultConfigurationIsVisible = 0;
			defaultConfigurationName = Release;
		};
		528C3A611B826734007C59FC /* Build configuration list for PBXNativeTarget "testZR" */ = {
			isa = XCConfigurationList;
			buildConfigurations = (
				528C3A621B826734007C59FC /* Debug */,
				528C3A631B826734007C59FC /* Release */,
			);
			defaultConfigurationIsVisible = 0;
			defaultConfigurationName = Release;
		};
		528C3A641B826734007C59FC /* Build configuration list for PBXNativeTarget "testZRTests" */ = {
			isa = XCConfigurationList;
			buildConfigurations = (
				528C3A651B826734007C59FC /* Debug */,
				528C3A661B826734007C59FC /* Release */,
			);
			defaultConfigurationIsVisible = 0;
			defaultConfigurationName = Release;
		};
/* End XCConfigurationList section */

/* Begin XCVersionGroup section */
		528C3A461B826734007C59FC /* testZR.xcdatamodeld */ = {
			isa = XCVersionGroup;
			children = (
				528C3A471B826734007C59FC /* testZR.xcdatamodel */,
			);
			currentVersion = 528C3A471B826734007C59FC /* testZR.xcdatamodel */;
			path = testZR.xcdatamodeld;
			sourceTree = "<group>";
			versionGroupType = wrapper.xcdatamodel;
		};
/* End XCVersionGroup section */
	};
	rootObject = 528C3A371B826734007C59FC /* Project object */;
}
